// !$*UTF8*$!
{
	archiveVersion = 1;
	classes = {
	};
	objectVersion = 46;
	objects = {

/* Begin PBXBuildFile section */
		C643FC9C1C9C1D07000E8C72 /* DriverOsx.cpp in Sources */ = {isa = PBXBuildFile; fileRef = EB463CB31ACAE083002AF5B2 /* DriverOsx.cpp */; };
		C643FC9D1C9C1D07000E8C72 /* RamStore.cpp in Sources */ = {isa = PBXBuildFile; fileRef = EB463CB01ACAD87D002AF5B2 /* RamStore.cpp */; };
		C643FC9E1C9C1D07000E8C72 /* Volume.cpp in Sources */ = {isa = PBXBuildFile; fileRef = EBD2C6761B30101900B39E08 /* Volume.cpp */; };
		C643FC9F1C9C1D07000E8C72 /* UpdateCheck.cpp in Sources */ = {isa = PBXBuildFile; fileRef = EB8692A61B38696100C49C74 /* UpdateCheck.cpp */; };
		C643FCA01C9C1D07000E8C72 /* PcmHandler.cpp in Sources */ = {isa = PBXBuildFile; fileRef = EB3670571ADEA86B00AC684B /* PcmHandler.cpp */; };
		C643FCA11C9C1D07000E8C72 /* ConfigPersistentStore.mm in Sources */ = {isa = PBXBuildFile; fileRef = EB8692A31B38695600C49C74 /* ConfigPersistentStore.mm */; };
		C643FCA21C9C1D07000E8C72 /* ExampleMediaPlayer.mm in Sources */ = {isa = PBXBuildFile; fileRef = EB796A511AD2A7A200684025 /* ExampleMediaPlayer.mm */; };
		C643FCA31C9C1D07000E8C72 /* OpenHomePlayer.xcdatamodeld in Sources */ = {isa = PBXBuildFile; fileRef = EB40D92A1A9B23A20043722C /* OpenHomePlayer.xcdatamodeld */; };
		C643FCA41C9C1D07000E8C72 /* Prefs.mm in Sources */ = {isa = PBXBuildFile; fileRef = EB8692B21B3AEEAE00C49C74 /* Prefs.mm */; };
		C643FCA51C9C1D07000E8C72 /* main.m in Sources */ = {isa = PBXBuildFile; fileRef = EB40D9251A9B23A20043722C /* main.m */; };
		C643FCA61C9C1D07000E8C72 /* ControlPointProxy.cpp in Sources */ = {isa = PBXBuildFile; fileRef = EBCA55AE1B44398B00CE28B4 /* ControlPointProxy.cpp */; };
		C643FCA71C9C1D07000E8C72 /* AppDelegate.mm in Sources */ = {isa = PBXBuildFile; fileRef = EB40D9231A9B23A20043722C /* AppDelegate.mm */; };
		C643FCA81C9C1D07000E8C72 /* ConfigRamStore.cpp in Sources */ = {isa = PBXBuildFile; fileRef = EB796A5B1AD2C14800684025 /* ConfigRamStore.cpp */; };
		C643FCA91C9C1D07000E8C72 /* MediaPlayerIF.mm in Sources */ = {isa = PBXBuildFile; fileRef = EBA0E8EE1AC5D8AF00903A7F /* MediaPlayerIF.mm */; };
		C643FCCC1C9C1D07000E8C72 /* AudioToolbox.framework in Frameworks */ = {isa = PBXBuildFile; fileRef = EB796A691AD5BA1C00684025 /* AudioToolbox.framework */; };
		C643FCCD1C9C1D07000E8C72 /* SystemConfiguration.framework in Frameworks */ = {isa = PBXBuildFile; fileRef = EB796A591AD2B2C700684025 /* SystemConfiguration.framework */; };
		C643FCCF1C9C1D07000E8C72 /* SoftPlayer in Resources */ = {isa = PBXBuildFile; fileRef = EB553D0A1B52D75300B0D17D /* SoftPlayer */; };
		C643FCD01C9C1D07000E8C72 /* Images.xcassets in Resources */ = {isa = PBXBuildFile; fileRef = EB40D92D1A9B23A20043722C /* Images.xcassets */; };
		C643FCD11C9C1D07000E8C72 /* Main.storyboard in Resources */ = {isa = PBXBuildFile; fileRef = EB40D92F1A9B23A20043722C /* Main.storyboard */; };
		C643FCD81C9C1F7F000E8C72 /* AFSCodec.cpp in Sources */ = {isa = PBXBuildFile; fileRef = C643FCD71C9C1F7F000E8C72 /* AFSCodec.cpp */; };
		EB3670581ADEA86B00AC684B /* PcmHandler.cpp in Sources */ = {isa = PBXBuildFile; fileRef = EB3670571ADEA86B00AC684B /* PcmHandler.cpp */; };
		EB40D9241A9B23A20043722C /* AppDelegate.mm in Sources */ = {isa = PBXBuildFile; fileRef = EB40D9231A9B23A20043722C /* AppDelegate.mm */; };
		EB40D9261A9B23A20043722C /* main.m in Sources */ = {isa = PBXBuildFile; fileRef = EB40D9251A9B23A20043722C /* main.m */; };
		EB40D92C1A9B23A20043722C /* OpenHomePlayer.xcdatamodeld in Sources */ = {isa = PBXBuildFile; fileRef = EB40D92A1A9B23A20043722C /* OpenHomePlayer.xcdatamodeld */; };
		EB40D92E1A9B23A20043722C /* Images.xcassets in Resources */ = {isa = PBXBuildFile; fileRef = EB40D92D1A9B23A20043722C /* Images.xcassets */; };
		EB40D9311A9B23A20043722C /* Main.storyboard in Resources */ = {isa = PBXBuildFile; fileRef = EB40D92F1A9B23A20043722C /* Main.storyboard */; };
		EB463CB21ACAD87D002AF5B2 /* RamStore.cpp in Sources */ = {isa = PBXBuildFile; fileRef = EB463CB01ACAD87D002AF5B2 /* RamStore.cpp */; };
		EB463CB51ACAE083002AF5B2 /* DriverOsx.cpp in Sources */ = {isa = PBXBuildFile; fileRef = EB463CB31ACAE083002AF5B2 /* DriverOsx.cpp */; };
		EB553D0B1B52D75300B0D17D /* SoftPlayer in Resources */ = {isa = PBXBuildFile; fileRef = EB553D0A1B52D75300B0D17D /* SoftPlayer */; };
		EB796A521AD2A7A200684025 /* ExampleMediaPlayer.mm in Sources */ = {isa = PBXBuildFile; fileRef = EB796A511AD2A7A200684025 /* ExampleMediaPlayer.mm */; };
		EB796A5A1AD2B2C700684025 /* SystemConfiguration.framework in Frameworks */ = {isa = PBXBuildFile; fileRef = EB796A591AD2B2C700684025 /* SystemConfiguration.framework */; };
		EB796A5D1AD2C14800684025 /* ConfigRamStore.cpp in Sources */ = {isa = PBXBuildFile; fileRef = EB796A5B1AD2C14800684025 /* ConfigRamStore.cpp */; };
		EB796A6A1AD5BA1C00684025 /* AudioToolbox.framework in Frameworks */ = {isa = PBXBuildFile; fileRef = EB796A691AD5BA1C00684025 /* AudioToolbox.framework */; };
		EB8692A51B38695600C49C74 /* ConfigPersistentStore.mm in Sources */ = {isa = PBXBuildFile; fileRef = EB8692A31B38695600C49C74 /* ConfigPersistentStore.mm */; };
		EB8692A81B38696100C49C74 /* UpdateCheck.cpp in Sources */ = {isa = PBXBuildFile; fileRef = EB8692A61B38696100C49C74 /* UpdateCheck.cpp */; };
		EB8692B31B3AEEAE00C49C74 /* Prefs.mm in Sources */ = {isa = PBXBuildFile; fileRef = EB8692B21B3AEEAE00C49C74 /* Prefs.mm */; };
		EBA0E8EF1AC5D8AF00903A7F /* MediaPlayerIF.mm in Sources */ = {isa = PBXBuildFile; fileRef = EBA0E8EE1AC5D8AF00903A7F /* MediaPlayerIF.mm */; };
		EBCA55B01B44398B00CE28B4 /* ControlPointProxy.cpp in Sources */ = {isa = PBXBuildFile; fileRef = EBCA55AE1B44398B00CE28B4 /* ControlPointProxy.cpp */; };
		EBD2C6781B30101900B39E08 /* Volume.cpp in Sources */ = {isa = PBXBuildFile; fileRef = EBD2C6761B30101900B39E08 /* Volume.cpp */; };
/* End PBXBuildFile section */

/* Begin PBXFileReference section */
		C643FCD51C9C1D07000E8C72 /* OpenHomePlayerAFSCodec.app */ = {isa = PBXFileReference; explicitFileType = wrapper.application; includeInIndex = 0; path = OpenHomePlayerAFSCodec.app; sourceTree = BUILT_PRODUCTS_DIR; };
		C643FCD71C9C1F7F000E8C72 /* AFSCodec.cpp */ = {isa = PBXFileReference; fileEncoding = 4; lastKnownFileType = sourcecode.cpp.cpp; path = AFSCodec.cpp; sourceTree = "<group>"; };
		EB3670571ADEA86B00AC684B /* PcmHandler.cpp */ = {isa = PBXFileReference; fileEncoding = 4; lastKnownFileType = sourcecode.cpp.cpp; path = PcmHandler.cpp; sourceTree = "<group>"; };
		EB40D91D1A9B23A20043722C /* OpenHomePlayer.app */ = {isa = PBXFileReference; explicitFileType = wrapper.application; includeInIndex = 0; path = OpenHomePlayer.app; sourceTree = BUILT_PRODUCTS_DIR; };
		EB40D9211A9B23A20043722C /* Info.plist */ = {isa = PBXFileReference; lastKnownFileType = text.plist.xml; path = Info.plist; sourceTree = "<group>"; };
		EB40D9221A9B23A20043722C /* AppDelegate.h */ = {isa = PBXFileReference; lastKnownFileType = sourcecode.c.h; path = AppDelegate.h; sourceTree = "<group>"; };
		EB40D9231A9B23A20043722C /* AppDelegate.mm */ = {isa = PBXFileReference; lastKnownFileType = sourcecode.cpp.objcpp; path = AppDelegate.mm; sourceTree = "<group>"; };
		EB40D9251A9B23A20043722C /* main.m */ = {isa = PBXFileReference; lastKnownFileType = sourcecode.c.objc; path = main.m; sourceTree = "<group>"; };
		EB40D92B1A9B23A20043722C /* OpenHomePlayer.xcdatamodel */ = {isa = PBXFileReference; lastKnownFileType = wrapper.xcdatamodel; path = OpenHomePlayer.xcdatamodel; sourceTree = "<group>"; };
		EB40D92D1A9B23A20043722C /* Images.xcassets */ = {isa = PBXFileReference; lastKnownFileType = folder.assetcatalog; path = Images.xcassets; sourceTree = "<group>"; };
		EB40D9301A9B23A20043722C /* Base */ = {isa = PBXFileReference; lastKnownFileType = file.storyboard; name = Base; path = Base.lproj/Main.storyboard; sourceTree = "<group>"; };
		EB40D93B1A9B23A20043722C /* Info.plist */ = {isa = PBXFileReference; lastKnownFileType = text.plist.xml; path = Info.plist; sourceTree = "<group>"; };
		EB40D93C1A9B23A20043722C /* OpenHomePlayerTests.m */ = {isa = PBXFileReference; lastKnownFileType = sourcecode.c.objc; path = OpenHomePlayerTests.m; sourceTree = "<group>"; };
		EB463CAC1ACA03FE002AF5B2 /* ExampleMediaPlayer.h */ = {isa = PBXFileReference; fileEncoding = 4; lastKnownFileType = sourcecode.c.h; path = ExampleMediaPlayer.h; sourceTree = "<group>"; };
		EB463CB01ACAD87D002AF5B2 /* RamStore.cpp */ = {isa = PBXFileReference; fileEncoding = 4; lastKnownFileType = sourcecode.cpp.cpp; path = RamStore.cpp; sourceTree = "<group>"; };
		EB463CB11ACAD87D002AF5B2 /* RamStore.h */ = {isa = PBXFileReference; fileEncoding = 4; lastKnownFileType = sourcecode.c.h; path = RamStore.h; sourceTree = "<group>"; };
		EB463CB31ACAE083002AF5B2 /* DriverOsx.cpp */ = {isa = PBXFileReference; fileEncoding = 4; lastKnownFileType = sourcecode.cpp.cpp; path = DriverOsx.cpp; sourceTree = "<group>"; };
		EB463CB41ACAE083002AF5B2 /* DriverOsx.h */ = {isa = PBXFileReference; fileEncoding = 4; lastKnownFileType = sourcecode.c.h; path = DriverOsx.h; sourceTree = "<group>"; };
		EB553D0A1B52D75300B0D17D /* SoftPlayer */ = {isa = PBXFileReference; lastKnownFileType = folder; name = SoftPlayer; path = OpenHomePlayer/SoftPlayer; sourceTree = "<group>"; };
		EB796A511AD2A7A200684025 /* ExampleMediaPlayer.mm */ = {isa = PBXFileReference; fileEncoding = 4; lastKnownFileType = sourcecode.cpp.objcpp; path = ExampleMediaPlayer.mm; sourceTree = "<group>"; };
		EB796A591AD2B2C700684025 /* SystemConfiguration.framework */ = {isa = PBXFileReference; lastKnownFileType = wrapper.framework; name = SystemConfiguration.framework; path = System/Library/Frameworks/SystemConfiguration.framework; sourceTree = SDKROOT; };
		EB796A5B1AD2C14800684025 /* ConfigRamStore.cpp */ = {isa = PBXFileReference; fileEncoding = 4; lastKnownFileType = sourcecode.cpp.cpp; path = ConfigRamStore.cpp; sourceTree = "<group>"; };
		EB796A5C1AD2C14800684025 /* ConfigRamStore.h */ = {isa = PBXFileReference; fileEncoding = 4; lastKnownFileType = sourcecode.c.h; path = ConfigRamStore.h; sourceTree = "<group>"; };
		EB796A681AD5744F00684025 /* PcmHandler.h */ = {isa = PBXFileReference; fileEncoding = 4; lastKnownFileType = sourcecode.c.h; path = PcmHandler.h; sourceTree = "<group>"; };
		EB796A691AD5BA1C00684025 /* AudioToolbox.framework */ = {isa = PBXFileReference; lastKnownFileType = wrapper.framework; name = AudioToolbox.framework; path = System/Library/Frameworks/AudioToolbox.framework; sourceTree = SDKROOT; };
		EB8692A31B38695600C49C74 /* ConfigPersistentStore.mm */ = {isa = PBXFileReference; fileEncoding = 4; lastKnownFileType = sourcecode.cpp.objcpp; path = ConfigPersistentStore.mm; sourceTree = "<group>"; };
		EB8692A41B38695600C49C74 /* ConfigPersistentStore.h */ = {isa = PBXFileReference; fileEncoding = 4; lastKnownFileType = sourcecode.c.h; path = ConfigPersistentStore.h; sourceTree = "<group>"; };
		EB8692A61B38696100C49C74 /* UpdateCheck.cpp */ = {isa = PBXFileReference; fileEncoding = 4; lastKnownFileType = sourcecode.cpp.cpp; path = UpdateCheck.cpp; sourceTree = "<group>"; };
		EB8692A71B38696100C49C74 /* UpdateCheck.h */ = {isa = PBXFileReference; fileEncoding = 4; lastKnownFileType = sourcecode.c.h; path = UpdateCheck.h; sourceTree = "<group>"; };
		EB8692B21B3AEEAE00C49C74 /* Prefs.mm */ = {isa = PBXFileReference; fileEncoding = 4; lastKnownFileType = sourcecode.cpp.objcpp; path = Prefs.mm; sourceTree = "<group>"; };
		EB8692B41B3AEEBB00C49C74 /* Prefs.h */ = {isa = PBXFileReference; lastKnownFileType = sourcecode.c.h; path = Prefs.h; sourceTree = "<group>"; };
		EBA0E8EE1AC5D8AF00903A7F /* MediaPlayerIF.mm */ = {isa = PBXFileReference; fileEncoding = 4; lastKnownFileType = sourcecode.cpp.objcpp; path = MediaPlayerIF.mm; sourceTree = "<group>"; };
		EBA0E8F01AC5D99800903A7F /* MediaPlayerIF.h */ = {isa = PBXFileReference; fileEncoding = 4; lastKnownFileType = sourcecode.c.h; path = MediaPlayerIF.h; sourceTree = "<group>"; };
		EBCA55AD1B4112A600CE28B4 /* version.h */ = {isa = PBXFileReference; lastKnownFileType = sourcecode.c.h; path = version.h; sourceTree = "<group>"; };
		EBCA55AE1B44398B00CE28B4 /* ControlPointProxy.cpp */ = {isa = PBXFileReference; fileEncoding = 4; lastKnownFileType = sourcecode.cpp.cpp; path = ControlPointProxy.cpp; sourceTree = "<group>"; };
		EBCA55AF1B44398B00CE28B4 /* ControlPointProxy.h */ = {isa = PBXFileReference; fileEncoding = 4; lastKnownFileType = sourcecode.c.h; path = ControlPointProxy.h; sourceTree = "<group>"; };
		EBD2C6761B30101900B39E08 /* Volume.cpp */ = {isa = PBXFileReference; fileEncoding = 4; lastKnownFileType = sourcecode.cpp.cpp; path = Volume.cpp; sourceTree = "<group>"; };
		EBD2C6771B30101900B39E08 /* Volume.h */ = {isa = PBXFileReference; fileEncoding = 4; lastKnownFileType = sourcecode.c.h; path = Volume.h; sourceTree = "<group>"; };
/* End PBXFileReference section */

/* Begin PBXFrameworksBuildPhase section */
		C643FCAA1C9C1D07000E8C72 /* Frameworks */ = {
			isa = PBXFrameworksBuildPhase;
			buildActionMask = 2147483647;
			files = (
				C643FCCC1C9C1D07000E8C72 /* AudioToolbox.framework in Frameworks */,
				C643FCCD1C9C1D07000E8C72 /* SystemConfiguration.framework in Frameworks */,
			);
			runOnlyForDeploymentPostprocessing = 0;
		};
		EB40D91A1A9B23A20043722C /* Frameworks */ = {
			isa = PBXFrameworksBuildPhase;
			buildActionMask = 2147483647;
			files = (
				EB796A6A1AD5BA1C00684025 /* AudioToolbox.framework in Frameworks */,
				EB796A5A1AD2B2C700684025 /* SystemConfiguration.framework in Frameworks */,
			);
			runOnlyForDeploymentPostprocessing = 0;
		};
/* End PBXFrameworksBuildPhase section */

/* Begin PBXGroup section */
		EB40D9141A9B23A20043722C = {
			isa = PBXGroup;
			children = (
				EB553D0A1B52D75300B0D17D /* SoftPlayer */,
				EB796A691AD5BA1C00684025 /* AudioToolbox.framework */,
				EB796A591AD2B2C700684025 /* SystemConfiguration.framework */,
				EB40D91F1A9B23A20043722C /* OpenHomePlayer */,
				EB40D9391A9B23A20043722C /* OpenHomePlayerTests */,
				EB40D91E1A9B23A20043722C /* Products */,
			);
			sourceTree = "<group>";
		};
		EB40D91E1A9B23A20043722C /* Products */ = {
			isa = PBXGroup;
			children = (
				EB40D91D1A9B23A20043722C /* OpenHomePlayer.app */,
				C643FCD51C9C1D07000E8C72 /* OpenHomePlayerAFSCodec.app */,
			);
			name = Products;
			sourceTree = "<group>";
		};
		EB40D91F1A9B23A20043722C /* OpenHomePlayer */ = {
			isa = PBXGroup;
			children = (
				EBCA55AE1B44398B00CE28B4 /* ControlPointProxy.cpp */,
				EBCA55AF1B44398B00CE28B4 /* ControlPointProxy.h */,
				EB8692A61B38696100C49C74 /* UpdateCheck.cpp */,
				EB8692A71B38696100C49C74 /* UpdateCheck.h */,
				EB8692A31B38695600C49C74 /* ConfigPersistentStore.mm */,
				EB8692A41B38695600C49C74 /* ConfigPersistentStore.h */,
				EBD2C6761B30101900B39E08 /* Volume.cpp */,
				C643FCD71C9C1F7F000E8C72 /* AFSCodec.cpp */,
				EBD2C6771B30101900B39E08 /* Volume.h */,
				EB3670571ADEA86B00AC684B /* PcmHandler.cpp */,
				EB796A5B1AD2C14800684025 /* ConfigRamStore.cpp */,
				EB796A5C1AD2C14800684025 /* ConfigRamStore.h */,
				EB796A511AD2A7A200684025 /* ExampleMediaPlayer.mm */,
				EB463CB31ACAE083002AF5B2 /* DriverOsx.cpp */,
				EB463CB41ACAE083002AF5B2 /* DriverOsx.h */,
				EB796A681AD5744F00684025 /* PcmHandler.h */,
				EB463CB01ACAD87D002AF5B2 /* RamStore.cpp */,
				EB463CB11ACAD87D002AF5B2 /* RamStore.h */,
				EB40D9221A9B23A20043722C /* AppDelegate.h */,
				EBA0E8F01AC5D99800903A7F /* MediaPlayerIF.h */,
				EB463CAC1ACA03FE002AF5B2 /* ExampleMediaPlayer.h */,
				EB40D9231A9B23A20043722C /* AppDelegate.mm */,
				EBA0E8EE1AC5D8AF00903A7F /* MediaPlayerIF.mm */,
				EB40D92D1A9B23A20043722C /* Images.xcassets */,
				EB40D92F1A9B23A20043722C /* Main.storyboard */,
				EB40D92A1A9B23A20043722C /* OpenHomePlayer.xcdatamodeld */,
				EB40D9201A9B23A20043722C /* Supporting Files */,
				EB8692B21B3AEEAE00C49C74 /* Prefs.mm */,
				EB8692B41B3AEEBB00C49C74 /* Prefs.h */,
				EBCA55AD1B4112A600CE28B4 /* version.h */,
			);
			path = OpenHomePlayer;
			sourceTree = "<group>";
		};
		EB40D9201A9B23A20043722C /* Supporting Files */ = {
			isa = PBXGroup;
			children = (
				EB40D9211A9B23A20043722C /* Info.plist */,
				EB40D9251A9B23A20043722C /* main.m */,
			);
			name = "Supporting Files";
			sourceTree = "<group>";
		};
		EB40D9391A9B23A20043722C /* OpenHomePlayerTests */ = {
			isa = PBXGroup;
			children = (
				EB40D93C1A9B23A20043722C /* OpenHomePlayerTests.m */,
				EB40D93A1A9B23A20043722C /* Supporting Files */,
			);
			path = OpenHomePlayerTests;
			sourceTree = "<group>";
		};
		EB40D93A1A9B23A20043722C /* Supporting Files */ = {
			isa = PBXGroup;
			children = (
				EB40D93B1A9B23A20043722C /* Info.plist */,
			);
			name = "Supporting Files";
			sourceTree = "<group>";
		};
/* End PBXGroup section */

/* Begin PBXNativeTarget section */
		C643FC9A1C9C1D07000E8C72 /* OpenHomePlayerAFSCodec */ = {
			isa = PBXNativeTarget;
			buildConfigurationList = C643FCD21C9C1D07000E8C72 /* Build configuration list for PBXNativeTarget "OpenHomePlayerAFSCodec" */;
			buildPhases = (
				C643FC9B1C9C1D07000E8C72 /* Sources */,
				C643FCAA1C9C1D07000E8C72 /* Frameworks */,
				C643FCCE1C9C1D07000E8C72 /* Resources */,
			);
			buildRules = (
			);
			dependencies = (
			);
			name = OpenHomePlayerAFSCodec;
			productName = OpenHomePlayer;
			productReference = C643FCD51C9C1D07000E8C72 /* OpenHomePlayerAFSCodec.app */;
			productType = "com.apple.product-type.application";
		};
		EB40D91C1A9B23A20043722C /* OpenHomePlayer */ = {
			isa = PBXNativeTarget;
			buildConfigurationList = EB40D9401A9B23A20043722C /* Build configuration list for PBXNativeTarget "OpenHomePlayer" */;
			buildPhases = (
				EB40D9191A9B23A20043722C /* Sources */,
				EB40D91A1A9B23A20043722C /* Frameworks */,
				EB40D91B1A9B23A20043722C /* Resources */,
			);
			buildRules = (
			);
			dependencies = (
			);
			name = OpenHomePlayer;
			productName = OpenHomePlayer;
			productReference = EB40D91D1A9B23A20043722C /* OpenHomePlayer.app */;
			productType = "com.apple.product-type.application";
		};
/* End PBXNativeTarget section */

/* Begin PBXProject section */
		EB40D9151A9B23A20043722C /* Project object */ = {
			isa = PBXProject;
			attributes = {
				LastUpgradeCheck = 0640;
				ORGANIZATIONNAME = "Linn Products Limited";
				TargetAttributes = {
					EB40D91C1A9B23A20043722C = {
						CreatedOnToolsVersion = 6.1.1;
					};
				};
			};
			buildConfigurationList = EB40D9181A9B23A20043722C /* Build configuration list for PBXProject "OpenHomePlayer" */;
			compatibilityVersion = "Xcode 3.2";
			developmentRegion = English;
			hasScannedForEncodings = 0;
			knownRegions = (
				English,
				en,
				Base,
			);
			mainGroup = EB40D9141A9B23A20043722C;
			productRefGroup = EB40D91E1A9B23A20043722C /* Products */;
			projectDirPath = "";
			projectRoot = "";
			targets = (
				EB40D91C1A9B23A20043722C /* OpenHomePlayer */,
				C643FC9A1C9C1D07000E8C72 /* OpenHomePlayerAFSCodec */,
			);
		};
/* End PBXProject section */

/* Begin PBXResourcesBuildPhase section */
		C643FCCE1C9C1D07000E8C72 /* Resources */ = {
			isa = PBXResourcesBuildPhase;
			buildActionMask = 2147483647;
			files = (
				C643FCCF1C9C1D07000E8C72 /* SoftPlayer in Resources */,
				C643FCD01C9C1D07000E8C72 /* Images.xcassets in Resources */,
				C643FCD11C9C1D07000E8C72 /* Main.storyboard in Resources */,
			);
			runOnlyForDeploymentPostprocessing = 0;
		};
		EB40D91B1A9B23A20043722C /* Resources */ = {
			isa = PBXResourcesBuildPhase;
			buildActionMask = 2147483647;
			files = (
				EB553D0B1B52D75300B0D17D /* SoftPlayer in Resources */,
				EB40D92E1A9B23A20043722C /* Images.xcassets in Resources */,
				EB40D9311A9B23A20043722C /* Main.storyboard in Resources */,
			);
			runOnlyForDeploymentPostprocessing = 0;
		};
/* End PBXResourcesBuildPhase section */

/* Begin PBXSourcesBuildPhase section */
		C643FC9B1C9C1D07000E8C72 /* Sources */ = {
			isa = PBXSourcesBuildPhase;
			buildActionMask = 2147483647;
			files = (
				C643FC9C1C9C1D07000E8C72 /* DriverOsx.cpp in Sources */,
				C643FC9D1C9C1D07000E8C72 /* RamStore.cpp in Sources */,
				C643FC9E1C9C1D07000E8C72 /* Volume.cpp in Sources */,
				C643FC9F1C9C1D07000E8C72 /* UpdateCheck.cpp in Sources */,
				C643FCA01C9C1D07000E8C72 /* PcmHandler.cpp in Sources */,
				C643FCA11C9C1D07000E8C72 /* ConfigPersistentStore.mm in Sources */,
				C643FCA21C9C1D07000E8C72 /* ExampleMediaPlayer.mm in Sources */,
				C643FCA31C9C1D07000E8C72 /* OpenHomePlayer.xcdatamodeld in Sources */,
				C643FCA41C9C1D07000E8C72 /* Prefs.mm in Sources */,
				C643FCA51C9C1D07000E8C72 /* main.m in Sources */,
				C643FCA61C9C1D07000E8C72 /* ControlPointProxy.cpp in Sources */,
				C643FCD81C9C1F7F000E8C72 /* AFSCodec.cpp in Sources */,
				C643FCA71C9C1D07000E8C72 /* AppDelegate.mm in Sources */,
				C643FCA81C9C1D07000E8C72 /* ConfigRamStore.cpp in Sources */,
				C643FCA91C9C1D07000E8C72 /* MediaPlayerIF.mm in Sources */,
			);
			runOnlyForDeploymentPostprocessing = 0;
		};
		EB40D9191A9B23A20043722C /* Sources */ = {
			isa = PBXSourcesBuildPhase;
			buildActionMask = 2147483647;
			files = (
				EB463CB51ACAE083002AF5B2 /* DriverOsx.cpp in Sources */,
				EB463CB21ACAD87D002AF5B2 /* RamStore.cpp in Sources */,
				EBD2C6781B30101900B39E08 /* Volume.cpp in Sources */,
				EB8692A81B38696100C49C74 /* UpdateCheck.cpp in Sources */,
				EB3670581ADEA86B00AC684B /* PcmHandler.cpp in Sources */,
				EB8692A51B38695600C49C74 /* ConfigPersistentStore.mm in Sources */,
				EB796A521AD2A7A200684025 /* ExampleMediaPlayer.mm in Sources */,
				EB40D92C1A9B23A20043722C /* OpenHomePlayer.xcdatamodeld in Sources */,
				EB8692B31B3AEEAE00C49C74 /* Prefs.mm in Sources */,
				EB40D9261A9B23A20043722C /* main.m in Sources */,
				EBCA55B01B44398B00CE28B4 /* ControlPointProxy.cpp in Sources */,
				EB40D9241A9B23A20043722C /* AppDelegate.mm in Sources */,
				EB796A5D1AD2C14800684025 /* ConfigRamStore.cpp in Sources */,
				EBA0E8EF1AC5D8AF00903A7F /* MediaPlayerIF.mm in Sources */,
			);
			runOnlyForDeploymentPostprocessing = 0;
		};
/* End PBXSourcesBuildPhase section */

/* Begin PBXVariantGroup section */
		EB40D92F1A9B23A20043722C /* Main.storyboard */ = {
			isa = PBXVariantGroup;
			children = (
				EB40D9301A9B23A20043722C /* Base */,
			);
			name = Main.storyboard;
			sourceTree = "<group>";
		};
/* End PBXVariantGroup section */

/* Begin XCBuildConfiguration section */
		C643FCD31C9C1D07000E8C72 /* Debug */ = {
			isa = XCBuildConfiguration;
			buildSettings = {
				ASSETCATALOG_COMPILER_APPICON_NAME = AppIcon;
				CLANG_CXX_LANGUAGE_STANDARD = "c++11";
				CLANG_CXX_LIBRARY = "libc++";
				COMBINE_HIDPI_IMAGES = YES;
				GCC_C_LANGUAGE_STANDARD = gnu89;
				GCC_PREPROCESSOR_DEFINITIONS = (
					"DEBUG=1",
					"POSIX_C_SOURCE=199309",
					USE_AFSCODEC,
					"$(inherited)",
				);
				HEADERMAP_INCLUDES_FLAT_ENTRIES_FOR_TARGET_BEING_BUILT = NO;
				HEADER_SEARCH_PATHS = (
					"$(inherited)",
					/Applications/Xcode.app/Contents/Developer/Toolchains/XcodeDefault.xctoolchain/usr/include,
					"$(PROJECT_DIR)/../dependencies/Mac-x64/ohMediaPlayer/include",
					"$(PROJECT_DIR)/../dependencies/Mac-x64/ohNet-Mac-x64-Debug/include/ohnet",
					"$(PROJECT_DIR)/../dependencies/Mac-x64/openssl/include",
					"$(PROJECT_DIR)/../dependencies/Mac-x64/ohNet-Mac-x64-Debug/include/ohnet",
					"$(PROJECT_DIR)/../dependencies/Mac-x64/ohNetGenerated-Mac-x64-Debug/include/ohnet",
				);
				INFOPLIST_FILE = OpenHomePlayer/Info.plist;
				LD_RUNPATH_SEARCH_PATHS = "$(inherited) @executable_path/../Frameworks";
				LIBRARY_SEARCH_PATHS = (
					"$(inherited)",
					"$(PROJECT_DIR)/../dependencies/Mac-x64/ohMediaPlayer/lib",
					"$(PROJECT_DIR)/../dependencies/Mac-x64/ohNet-Mac-x64-Debug/lib",
					"$(PROJECT_DIR)/../dependencies/Mac-x64/ohNetGenerated-Mac-x64-Debug/lib",
					"$(PROJECT_DIR)/../dependencies/Mac-x64/openssl/lib",
				);
				"OTHER_LDFLAGS[arch=*]" = (
					"-lCodecAacFdk",
					"-lCodecAacFdkBase",
					"-lCodecAacFdkAdts",
					"-lCodecAifc",
					"-lCodecAiff",
					"-lCodecAiffBase",
					"-lCodecAlacApple",
					"-lCodecAlacAppleBase",
					"-lCodecFlac",
					"-lCodecMp3",
					"-lCodecPcm",
					"-lCodecVorbis",
					"-lCodecWav",
					"-lConfigUi",
					"-lConfigUiTestUtils",
					"-llibOgg",
					"-lohMediaPlayer",
					"-lohMediaPlayerTestUtils",
					"-lohPipeline",
					"-lSourcePlaylist",
					"-lSourceRadio",
					"-lSourceRaop",
					"-lSourceSongcast",
					"-lSourceUpnpAv",
					"-lWebAppFramework",
					"-lohNetCore",
					"-lohNetDevices",
					"-lohNetProxies",
					"-lTestFramework",
					"-lohNetGeneratedDevices",
					"-lohNetGeneratedProxies",
					"-lcrypto",
					"-lssl",
					"-lPodcast",
				);
				PRODUCT_NAME = "$(TARGET_NAME)";
			};
			name = Debug;
		};
		C643FCD41C9C1D07000E8C72 /* Release */ = {
			isa = XCBuildConfiguration;
			buildSettings = {
				ASSETCATALOG_COMPILER_APPICON_NAME = AppIcon;
				CLANG_CXX_LANGUAGE_STANDARD = "c++11";
				CLANG_CXX_LIBRARY = "libc++";
				COMBINE_HIDPI_IMAGES = YES;
				GCC_C_LANGUAGE_STANDARD = gnu89;
				GCC_PREPROCESSOR_DEFINITIONS = (
					"POSIX_C_SOURCE=199309",
					USE_AFSCODEC,
					"$(inherited)",
				);
				HEADERMAP_INCLUDES_FLAT_ENTRIES_FOR_TARGET_BEING_BUILT = NO;
				HEADER_SEARCH_PATHS = (
					"$(inherited)",
					/Applications/Xcode.app/Contents/Developer/Toolchains/XcodeDefault.xctoolchain/usr/include,
					"$(PROJECT_DIR)/../dependencies/Mac-x64/ohMediaPlayer/include",
					"$(PROJECT_DIR)/../dependencies/Mac-x64/ohNet-Mac-x64-Release/include/ohnet",
					"$(PROJECT_DIR)/../dependencies/Mac-x64/openssl/include",
					"$(PROJECT_DIR)/../dependencies/Mac-x64/ohNet-Mac-x64-Release/include/ohnet",
					"$(PROJECT_DIR)/../dependencies/Mac-x64/ohNetGenerated-Mac-x64-Release/include/ohnet",
				);
				INFOPLIST_FILE = OpenHomePlayer/Info.plist;
				LD_RUNPATH_SEARCH_PATHS = "$(inherited) @executable_path/../Frameworks";
				LIBRARY_SEARCH_PATHS = (
					"$(inherited)",
					"$(PROJECT_DIR)/../dependencies/Mac-x64/ohMediaPlayer/lib",
					"$(PROJECT_DIR)/../dependencies/Mac-x64/ohNet-Mac-x64-Release/lib",
					"$(PROJECT_DIR)/../dependencies/Mac-x64/ohNetGenerated-Mac-x64-Release/lib",
					"$(PROJECT_DIR)/../dependencies/Mac-x64/openssl/lib",
				);
				"OTHER_LDFLAGS[arch=*]" = (
					"-lCodecAacFdk",
					"-lCodecAacFdkBase",
					"-lCodecAacFdkAdts",
					"-lCodecAifc",
					"-lCodecAiff",
					"-lCodecAiffBase",
					"-lCodecAlacApple",
					"-lCodecAlacAppleBase",
					"-lCodecFlac",
					"-lCodecMp3",
					"-lCodecPcm",
					"-lCodecVorbis",
					"-lCodecWav",
					"-lConfigUi",
					"-lConfigUiTestUtils",
					"-llibOgg",
					"-lohMediaPlayer",
					"-lohMediaPlayerTestUtils",
					"-lohPipeline",
					"-lSourcePlaylist",
					"-lSourceRadio",
					"-lSourceRaop",
					"-lSourceSongcast",
					"-lSourceUpnpAv",
					"-lWebAppFramework",
					"-lohNetCore",
					"-lohNetDevices",
					"-lohNetProxies",
					"-lTestFramework",
					"-lohNetGeneratedDevices",
					"-lohNetGeneratedProxies",
					"-lcrypto",
					"-lssl",
					"-lPodcast",
				);
				PRODUCT_NAME = "$(TARGET_NAME)";
			};
			name = Release;
		};
		EB40D93E1A9B23A20043722C /* Debug */ = {
			isa = XCBuildConfiguration;
			buildSettings = {
				ALWAYS_SEARCH_USER_PATHS = NO;
				CLANG_CXX_LANGUAGE_STANDARD = "c++11";
				CLANG_CXX_LIBRARY = "libc++";
				CLANG_ENABLE_MODULES = YES;
				CLANG_ENABLE_OBJC_ARC = YES;
				CLANG_WARN_BOOL_CONVERSION = YES;
				CLANG_WARN_CONSTANT_CONVERSION = YES;
				CLANG_WARN_DIRECT_OBJC_ISA_USAGE = YES_ERROR;
				CLANG_WARN_EMPTY_BODY = YES;
				CLANG_WARN_ENUM_CONVERSION = YES;
				CLANG_WARN_INT_CONVERSION = YES;
				CLANG_WARN_OBJC_ROOT_CLASS = YES_ERROR;
				CLANG_WARN_UNREACHABLE_CODE = YES;
				CLANG_WARN__DUPLICATE_METHOD_MATCH = YES;
				CODE_SIGN_IDENTITY = "-";
				COPY_PHASE_STRIP = NO;
				ENABLE_STRICT_OBJC_MSGSEND = YES;
				GCC_C_LANGUAGE_STANDARD = gnu89;
				GCC_DYNAMIC_NO_PIC = NO;
				GCC_OPTIMIZATION_LEVEL = 0;
				GCC_PREPROCESSOR_DEFINITIONS = (
					"DEBUG=1",
					"POSIX_C_SOURCE=199309",
					"$(inherited)",
					DEFINE_LITTLE_ENDIAN,
				);
				GCC_SYMBOLS_PRIVATE_EXTERN = NO;
				GCC_WARN_64_TO_32_BIT_CONVERSION = YES;
				GCC_WARN_ABOUT_RETURN_TYPE = YES_ERROR;
				GCC_WARN_UNDECLARED_SELECTOR = YES;
				GCC_WARN_UNINITIALIZED_AUTOS = YES_AGGRESSIVE;
				GCC_WARN_UNUSED_FUNCTION = YES;
				GCC_WARN_UNUSED_VARIABLE = YES;
				HEADER_SEARCH_PATHS = (
					"$(inherited)",
					/Applications/Xcode.app/Contents/Developer/Toolchains/XcodeDefault.xctoolchain/usr/include,
				);
				LIBRARY_SEARCH_PATHS = "";
				MACOSX_DEPLOYMENT_TARGET = 10.12;
				MTL_ENABLE_DEBUG_INFO = YES;
				ONLY_ACTIVE_ARCH = YES;
				SDKROOT = macosx;
			};
			name = Debug;
		};
		EB40D93F1A9B23A20043722C /* Release */ = {
			isa = XCBuildConfiguration;
			buildSettings = {
				ALWAYS_SEARCH_USER_PATHS = NO;
				CLANG_CXX_LANGUAGE_STANDARD = "c++11";
				CLANG_CXX_LIBRARY = "libc++";
				CLANG_ENABLE_MODULES = YES;
				CLANG_ENABLE_OBJC_ARC = YES;
				CLANG_WARN_BOOL_CONVERSION = YES;
				CLANG_WARN_CONSTANT_CONVERSION = YES;
				CLANG_WARN_DIRECT_OBJC_ISA_USAGE = YES_ERROR;
				CLANG_WARN_EMPTY_BODY = YES;
				CLANG_WARN_ENUM_CONVERSION = YES;
				CLANG_WARN_INT_CONVERSION = YES;
				CLANG_WARN_OBJC_ROOT_CLASS = YES_ERROR;
				CLANG_WARN_UNREACHABLE_CODE = YES;
				CLANG_WARN__DUPLICATE_METHOD_MATCH = YES;
				CODE_SIGN_IDENTITY = "-";
				COPY_PHASE_STRIP = YES;
				DEBUG_INFORMATION_FORMAT = "dwarf-with-dsym";
				ENABLE_NS_ASSERTIONS = NO;
				ENABLE_STRICT_OBJC_MSGSEND = YES;
				GCC_C_LANGUAGE_STANDARD = gnu89;
				GCC_PREPROCESSOR_DEFINITIONS = (
					"POSIX_C_SOURCE=199309",
					"$(inherited)",
					DEFINE_LITTLE_ENDIAN,
				);
				GCC_WARN_64_TO_32_BIT_CONVERSION = YES;
				GCC_WARN_ABOUT_RETURN_TYPE = YES_ERROR;
				GCC_WARN_UNDECLARED_SELECTOR = YES;
				GCC_WARN_UNINITIALIZED_AUTOS = YES_AGGRESSIVE;
				GCC_WARN_UNUSED_FUNCTION = YES;
				GCC_WARN_UNUSED_VARIABLE = YES;
				HEADER_SEARCH_PATHS = (
					"$(inherited)",
					/Applications/Xcode.app/Contents/Developer/Toolchains/XcodeDefault.xctoolchain/usr/include,
				);
				LIBRARY_SEARCH_PATHS = "";
				MACOSX_DEPLOYMENT_TARGET = 10.12;
				MTL_ENABLE_DEBUG_INFO = NO;
				SDKROOT = macosx;
			};
			name = Release;
		};
		EB40D9411A9B23A20043722C /* Debug */ = {
			isa = XCBuildConfiguration;
			buildSettings = {
				ASSETCATALOG_COMPILER_APPICON_NAME = AppIcon;
				COMBINE_HIDPI_IMAGES = YES;
				GCC_PREPROCESSOR_DEFINITIONS = (
					"DEBUG=1",
					"POSIX_C_SOURCE=199309",
					"$(inherited)",
				);
				HEADERMAP_INCLUDES_FLAT_ENTRIES_FOR_TARGET_BEING_BUILT = NO;
				HEADER_SEARCH_PATHS = (
					"$(inherited)",
					/Applications/Xcode.app/Contents/Developer/Toolchains/XcodeDefault.xctoolchain/usr/include,
					"$(PROJECT_DIR)/../dependencies/Mac-x64/ohMediaPlayer/include",
					"$(PROJECT_DIR)/../dependencies/Mac-x64/ohNet-Mac-x64-Debug/include/ohnet",
					"$(PROJECT_DIR)/../dependencies/Mac-x64/openssl/include",
					"$(PROJECT_DIR)/../dependencies/Mac-x64/ohNet-Mac-x64-Debug/include/ohnet",
					"$(PROJECT_DIR)/../dependencies/Mac-x64/ohNetGenerated-Mac-x64-Debug/include/ohnet",
				);
				INFOPLIST_FILE = OpenHomePlayer/Info.plist;
				LD_RUNPATH_SEARCH_PATHS = "$(inherited) @executable_path/../Frameworks";
				LIBRARY_SEARCH_PATHS = (
					"$(inherited)",
					"$(PROJECT_DIR)/../dependencies/Mac-x64/ohMediaPlayer/lib",
					"$(PROJECT_DIR)/../dependencies/Mac-x64/ohNet-Mac-x64-Debug/lib",
					"$(PROJECT_DIR)/../dependencies/Mac-x64/ohNetGenerated-Mac-x64-Debug/lib",
					"$(PROJECT_DIR)/../dependencies/Mac-x64/openssl/lib",
				);
				"OTHER_LDFLAGS[arch=*]" = (
					"-lCodecAacFdk",
					"-lCodecAacFdkBase",
					"-lCodecAacFdkAdts",
					"-lCodecAifc",
					"-lCodecAiff",
					"-lCodecAiffBase",
					"-lCodecAlacApple",
					"-lCodecAlacAppleBase",
					"-lCodecFlac",
					"-lCodecMp3",
					"-lCodecPcm",
					"-lCodecVorbis",
					"-lCodecWav",
					"-lConfigUi",
					"-lConfigUiTestUtils",
					"-llibOgg",
					"-lohMediaPlayer",
					"-lohMediaPlayerTestUtils",
					"-lohPipeline",
					"-lSourcePlaylist",
					"-lSourceRadio",
					"-lSourceRaop",
					"-lSourceSongcast",
					"-lSourceUpnpAv",
					"-lWebAppFramework",
					"-lohNetCore",
					"-lohNetDevices",
					"-lohNetProxies",
					"-lTestFramework",
					"-lohNetGeneratedDevices",
					"-lohNetGeneratedProxies",
					"-lcrypto",
					"-lssl",
					"-lPodcast",
					"-lCodecAacFdkMp4",
				);
				PRODUCT_NAME = "$(TARGET_NAME)";
			};
			name = Debug;
		};
		EB40D9421A9B23A20043722C /* Release */ = {
			isa = XCBuildConfiguration;
			buildSettings = {
				ASSETCATALOG_COMPILER_APPICON_NAME = AppIcon;
				COMBINE_HIDPI_IMAGES = YES;
				HEADERMAP_INCLUDES_FLAT_ENTRIES_FOR_TARGET_BEING_BUILT = NO;
				HEADER_SEARCH_PATHS = (
					"$(inherited)",
					/Applications/Xcode.app/Contents/Developer/Toolchains/XcodeDefault.xctoolchain/usr/include,
					"$(PROJECT_DIR)/../dependencies/Mac-x64/ohMediaPlayer/include",
					"$(PROJECT_DIR)/../dependencies/Mac-x64/ohNet-Mac-x64-Release/include/ohnet",
					"$(PROJECT_DIR)/../dependencies/Mac-x64/openssl/include",
					"$(PROJECT_DIR)/../dependencies/Mac-x64/ohNet-Mac-x64-Release/include/ohnet",
					"$(PROJECT_DIR)/../dependencies/Mac-x64/ohNetGenerated-Mac-x64-Release/include/ohnet",
				);
				INFOPLIST_FILE = OpenHomePlayer/Info.plist;
				LD_RUNPATH_SEARCH_PATHS = "$(inherited) @executable_path/../Frameworks";
				LIBRARY_SEARCH_PATHS = (
					"$(inherited)",
					"$(PROJECT_DIR)/../dependencies/Mac-x64/ohMediaPlayer/lib",
					"$(PROJECT_DIR)/../dependencies/Mac-x64/ohNet-Mac-x64-Release/lib",
					"$(PROJECT_DIR)/../dependencies/Mac-x64/ohNetGenerated-Mac-x64-Release/lib",
					"$(PROJECT_DIR)/../dependencies/Mac-x64/openssl/lib",
				);
				"OTHER_LDFLAGS[arch=*]" = (
					"-lCodecAacFdk",
					"-lCodecAacFdkBase",
					"-lCodecAacFdkAdts",
					"-lCodecAifc",
					"-lCodecAiff",
					"-lCodecAiffBase",
					"-lCodecAlacApple",
					"-lCodecAlacAppleBase",
					"-lCodecFlac",
					"-lCodecMp3",
					"-lCodecPcm",
					"-lCodecVorbis",
					"-lCodecWav",
					"-lConfigUi",
					"-lConfigUiTestUtils",
					"-llibOgg",
					"-lohMediaPlayer",
					"-lohMediaPlayerTestUtils",
					"-lohPipeline",
					"-lSourcePlaylist",
					"-lSourceRadio",
					"-lSourceRaop",
					"-lSourceSongcast",
					"-lSourceUpnpAv",
					"-lWebAppFramework",
					"-lohNetCore",
					"-lohNetDevices",
					"-lohNetProxies",
					"-lTestFramework",
					"-lohNetGeneratedDevices",
					"-lohNetGeneratedProxies",
					"-lcrypto",
					"-lssl",
					"-lPodcast",
				);
				PRODUCT_NAME = "$(TARGET_NAME)";
			};
			name = Release;
		};
/* End XCBuildConfiguration section */

/* Begin XCConfigurationList section */
		C643FCD21C9C1D07000E8C72 /* Build configuration list for PBXNativeTarget "OpenHomePlayerAFSCodec" */ = {
			isa = XCConfigurationList;
			buildConfigurations = (
				C643FCD31C9C1D07000E8C72 /* Debug */,
				C643FCD41C9C1D07000E8C72 /* Release */,
			);
			defaultConfigurationIsVisible = 0;
			defaultConfigurationName = Release;
		};
		EB40D9181A9B23A20043722C /* Build configuration list for PBXProject "OpenHomePlayer" */ = {
			isa = XCConfigurationList;
			buildConfigurations = (
				EB40D93E1A9B23A20043722C /* Debug */,
				EB40D93F1A9B23A20043722C /* Release */,
			);
			defaultConfigurationIsVisible = 0;
			defaultConfigurationName = Release;
		};
		EB40D9401A9B23A20043722C /* Build configuration list for PBXNativeTarget "OpenHomePlayer" */ = {
			isa = XCConfigurationList;
			buildConfigurations = (
				EB40D9411A9B23A20043722C /* Debug */,
				EB40D9421A9B23A20043722C /* Release */,
			);
			defaultConfigurationIsVisible = 0;
			defaultConfigurationName = Release;
		};
/* End XCConfigurationList section */

/* Begin XCVersionGroup section */
		EB40D92A1A9B23A20043722C /* OpenHomePlayer.xcdatamodeld */ = {
			isa = XCVersionGroup;
			children = (
				EB40D92B1A9B23A20043722C /* OpenHomePlayer.xcdatamodel */,
			);
			currentVersion = EB40D92B1A9B23A20043722C /* OpenHomePlayer.xcdatamodel */;
			path = OpenHomePlayer.xcdatamodeld;
			sourceTree = "<group>";
			versionGroupType = wrapper.xcdatamodel;
		};
/* End XCVersionGroup section */
	};
	rootObject = EB40D9151A9B23A20043722C /* Project object */;
}
