// !$*UTF8*$!
{
	archiveVersion = 1;
	classes = {
	};
	objectVersion = 46;
	objects = {

/* Begin PBXBuildFile section */
		EB3670581ADEA86B00AC684B /* PcmHandler.cpp in Sources */ = {isa = PBXBuildFile; fileRef = EB3670571ADEA86B00AC684B /* PcmHandler.cpp */; };
		EB40D9241A9B23A20043722C /* AppDelegate.mm in Sources */ = {isa = PBXBuildFile; fileRef = EB40D9231A9B23A20043722C /* AppDelegate.mm */; };
		EB40D9261A9B23A20043722C /* main.m in Sources */ = {isa = PBXBuildFile; fileRef = EB40D9251A9B23A20043722C /* main.m */; };
		EB40D92C1A9B23A20043722C /* sample.xcdatamodeld in Sources */ = {isa = PBXBuildFile; fileRef = EB40D92A1A9B23A20043722C /* sample.xcdatamodeld */; };
		EB40D92E1A9B23A20043722C /* Images.xcassets in Resources */ = {isa = PBXBuildFile; fileRef = EB40D92D1A9B23A20043722C /* Images.xcassets */; };
		EB40D9311A9B23A20043722C /* Main.storyboard in Resources */ = {isa = PBXBuildFile; fileRef = EB40D92F1A9B23A20043722C /* Main.storyboard */; };
		EB463CB21ACAD87D002AF5B2 /* RamStore.cpp in Sources */ = {isa = PBXBuildFile; fileRef = EB463CB01ACAD87D002AF5B2 /* RamStore.cpp */; };
		EB463CB51ACAE083002AF5B2 /* DriverOsx.cpp in Sources */ = {isa = PBXBuildFile; fileRef = EB463CB31ACAE083002AF5B2 /* DriverOsx.cpp */; };
		EB553D0B1B52D75300B0D17D /* SoftPlayer in Resources */ = {isa = PBXBuildFile; fileRef = EB553D0A1B52D75300B0D17D /* SoftPlayer */; };
		EB650A281B31B64300205BAC /* libohNetDevices.a in Frameworks */ = {isa = PBXBuildFile; fileRef = EB650A211B31B64300205BAC /* libohNetDevices.a */; };
		EB650A291B31B64300205BAC /* libohNetProxies.a in Frameworks */ = {isa = PBXBuildFile; fileRef = EB650A221B31B64300205BAC /* libohNetProxies.a */; };
		EB650A2A1B31B64300205BAC /* ohNetTestsCore.a in Frameworks */ = {isa = PBXBuildFile; fileRef = EB650A231B31B64300205BAC /* ohNetTestsCore.a */; };
		EB650A2E1B31B64300205BAC /* libohNetCore.a in Frameworks */ = {isa = PBXBuildFile; fileRef = EB650A271B31B64300205BAC /* libohNetCore.a */; };
		EB650A311B31B65800205BAC /* libcrypto.a in Frameworks */ = {isa = PBXBuildFile; fileRef = EB650A2F1B31B65800205BAC /* libcrypto.a */; };
		EB650A321B31B65800205BAC /* libssl.a in Frameworks */ = {isa = PBXBuildFile; fileRef = EB650A301B31B65800205BAC /* libssl.a */; };
		EB650A341B31B66300205BAC /* libohNetmon.a in Frameworks */ = {isa = PBXBuildFile; fileRef = EB650A331B31B66300205BAC /* libohNetmon.a */; };
		EB650A4B1B31B68600205BAC /* libCodecAlac.a in Frameworks */ = {isa = PBXBuildFile; fileRef = EB650A351B31B68600205BAC /* libCodecAlac.a */; };
		EB650A4C1B31B68600205BAC /* libSourceRaop.a in Frameworks */ = {isa = PBXBuildFile; fileRef = EB650A361B31B68600205BAC /* libSourceRaop.a */; };
		EB650A4D1B31B68600205BAC /* libCodecAac.a in Frameworks */ = {isa = PBXBuildFile; fileRef = EB650A371B31B68600205BAC /* libCodecAac.a */; };
		EB650A4E1B31B68600205BAC /* libCodecAacBase.a in Frameworks */ = {isa = PBXBuildFile; fileRef = EB650A381B31B68600205BAC /* libCodecAacBase.a */; };
		EB650A4F1B31B68600205BAC /* libCodecAdts.a in Frameworks */ = {isa = PBXBuildFile; fileRef = EB650A391B31B68600205BAC /* libCodecAdts.a */; };
		EB650A501B31B68600205BAC /* libSourcePlaylist.a in Frameworks */ = {isa = PBXBuildFile; fileRef = EB650A3A1B31B68600205BAC /* libSourcePlaylist.a */; };
		EB650A511B31B68600205BAC /* libSourceSongcast.a in Frameworks */ = {isa = PBXBuildFile; fileRef = EB650A3B1B31B68600205BAC /* libSourceSongcast.a */; };
		EB650A521B31B68600205BAC /* libSourceRadio.a in Frameworks */ = {isa = PBXBuildFile; fileRef = EB650A3C1B31B68600205BAC /* libSourceRadio.a */; };
		EB650A531B31B68600205BAC /* libSourceUpnpAv.a in Frameworks */ = {isa = PBXBuildFile; fileRef = EB650A3D1B31B68600205BAC /* libSourceUpnpAv.a */; };
		EB650A541B31B68600205BAC /* libCodecAlacBase.a in Frameworks */ = {isa = PBXBuildFile; fileRef = EB650A3E1B31B68600205BAC /* libCodecAlacBase.a */; };
		EB650A551B31B68600205BAC /* libohMediaPlayer.a in Frameworks */ = {isa = PBXBuildFile; fileRef = EB650A3F1B31B68600205BAC /* libohMediaPlayer.a */; };
		EB650A561B31B68600205BAC /* libohPipeline.a in Frameworks */ = {isa = PBXBuildFile; fileRef = EB650A401B31B68600205BAC /* libohPipeline.a */; };
		EB650A571B31B68600205BAC /* libCodecFlac.a in Frameworks */ = {isa = PBXBuildFile; fileRef = EB650A411B31B68600205BAC /* libCodecFlac.a */; };
		EB650A581B31B68600205BAC /* libCodecVorbis.a in Frameworks */ = {isa = PBXBuildFile; fileRef = EB650A421B31B68600205BAC /* libCodecVorbis.a */; };
		EB650A591B31B68600205BAC /* libCodecAifc.a in Frameworks */ = {isa = PBXBuildFile; fileRef = EB650A431B31B68600205BAC /* libCodecAifc.a */; };
		EB650A5A1B31B68600205BAC /* libCodecAiff.a in Frameworks */ = {isa = PBXBuildFile; fileRef = EB650A441B31B68600205BAC /* libCodecAiff.a */; };
		EB650A5B1B31B68600205BAC /* libCodecAiffBase.a in Frameworks */ = {isa = PBXBuildFile; fileRef = EB650A451B31B68600205BAC /* libCodecAiffBase.a */; };
		EB650A5C1B31B68600205BAC /* libCodecPcm.a in Frameworks */ = {isa = PBXBuildFile; fileRef = EB650A461B31B68600205BAC /* libCodecPcm.a */; };
		EB650A5D1B31B68600205BAC /* libCodecWav.a in Frameworks */ = {isa = PBXBuildFile; fileRef = EB650A471B31B68600205BAC /* libCodecWav.a */; };
		EB650A5E1B31B68600205BAC /* libConfigUi.a in Frameworks */ = {isa = PBXBuildFile; fileRef = EB650A481B31B68600205BAC /* libConfigUi.a */; };
		EB650A5F1B31B68600205BAC /* liblibOgg.a in Frameworks */ = {isa = PBXBuildFile; fileRef = EB650A491B31B68600205BAC /* liblibOgg.a */; };
		EB650A601B31B68600205BAC /* libWebAppFramework.a in Frameworks */ = {isa = PBXBuildFile; fileRef = EB650A4A1B31B68600205BAC /* libWebAppFramework.a */; };
		EB650A611B31B7BC00205BAC /* libTestFramework.a in Frameworks */ = {isa = PBXBuildFile; fileRef = EB650A251B31B64300205BAC /* libTestFramework.a */; };
		EB650A651B32A24400205BAC /* libohNetGeneratedDevices.a in Frameworks */ = {isa = PBXBuildFile; fileRef = EB650A631B32A24400205BAC /* libohNetGeneratedDevices.a */; };
		EB650A661B32A24400205BAC /* libohNetGeneratedProxies.a in Frameworks */ = {isa = PBXBuildFile; fileRef = EB650A641B32A24400205BAC /* libohNetGeneratedProxies.a */; };
		EB698ADE1ADE517500B47100 /* OsxAudio.cpp in Sources */ = {isa = PBXBuildFile; fileRef = EB698ADC1ADE517500B47100 /* OsxAudio.cpp */; };
		EB796A521AD2A7A200684025 /* ExampleMediaPlayer.mm in Sources */ = {isa = PBXBuildFile; fileRef = EB796A511AD2A7A200684025 /* ExampleMediaPlayer.mm */; };
		EB796A5A1AD2B2C700684025 /* SystemConfiguration.framework in Frameworks */ = {isa = PBXBuildFile; fileRef = EB796A591AD2B2C700684025 /* SystemConfiguration.framework */; };
		EB796A5D1AD2C14800684025 /* ConfigRamStore.cpp in Sources */ = {isa = PBXBuildFile; fileRef = EB796A5B1AD2C14800684025 /* ConfigRamStore.cpp */; };
		EB796A6A1AD5BA1C00684025 /* AudioToolbox.framework in Frameworks */ = {isa = PBXBuildFile; fileRef = EB796A691AD5BA1C00684025 /* AudioToolbox.framework */; };
		EB8692A51B38695600C49C74 /* ConfigPersistentStore.mm in Sources */ = {isa = PBXBuildFile; fileRef = EB8692A31B38695600C49C74 /* ConfigPersistentStore.mm */; };
		EB8692A81B38696100C49C74 /* UpdateCheck.cpp in Sources */ = {isa = PBXBuildFile; fileRef = EB8692A61B38696100C49C74 /* UpdateCheck.cpp */; };
		EB8692B31B3AEEAE00C49C74 /* Prefs.mm in Sources */ = {isa = PBXBuildFile; fileRef = EB8692B21B3AEEAE00C49C74 /* Prefs.mm */; };
		EBA0E8EF1AC5D8AF00903A7F /* MediaPlayerIF.mm in Sources */ = {isa = PBXBuildFile; fileRef = EBA0E8EE1AC5D8AF00903A7F /* MediaPlayerIF.mm */; };
		EBCA55B01B44398B00CE28B4 /* ControlPointProxy.cpp in Sources */ = {isa = PBXBuildFile; fileRef = EBCA55AE1B44398B00CE28B4 /* ControlPointProxy.cpp */; };
		EBD2C6781B30101900B39E08 /* Volume.cpp in Sources */ = {isa = PBXBuildFile; fileRef = EBD2C6761B30101900B39E08 /* Volume.cpp */; };
/* End PBXBuildFile section */

/* Begin PBXFileReference section */
		EB3670571ADEA86B00AC684B /* PcmHandler.cpp */ = {isa = PBXFileReference; fileEncoding = 4; lastKnownFileType = sourcecode.cpp.cpp; path = PcmHandler.cpp; sourceTree = "<group>"; };
		EB40D91D1A9B23A20043722C /* OSX.app */ = {isa = PBXFileReference; explicitFileType = wrapper.application; includeInIndex = 0; path = OSX.app; sourceTree = BUILT_PRODUCTS_DIR; };
		EB40D9211A9B23A20043722C /* Info.plist */ = {isa = PBXFileReference; lastKnownFileType = text.plist.xml; path = Info.plist; sourceTree = "<group>"; };
		EB40D9221A9B23A20043722C /* AppDelegate.h */ = {isa = PBXFileReference; lastKnownFileType = sourcecode.c.h; path = AppDelegate.h; sourceTree = "<group>"; };
		EB40D9231A9B23A20043722C /* AppDelegate.mm */ = {isa = PBXFileReference; lastKnownFileType = sourcecode.cpp.objcpp; path = AppDelegate.mm; sourceTree = "<group>"; };
		EB40D9251A9B23A20043722C /* main.m */ = {isa = PBXFileReference; lastKnownFileType = sourcecode.c.objc; path = main.m; sourceTree = "<group>"; };
		EB40D92B1A9B23A20043722C /* sample.xcdatamodel */ = {isa = PBXFileReference; lastKnownFileType = wrapper.xcdatamodel; path = sample.xcdatamodel; sourceTree = "<group>"; };
		EB40D92D1A9B23A20043722C /* Images.xcassets */ = {isa = PBXFileReference; lastKnownFileType = folder.assetcatalog; path = Images.xcassets; sourceTree = "<group>"; };
		EB40D9301A9B23A20043722C /* Base */ = {isa = PBXFileReference; lastKnownFileType = file.storyboard; name = Base; path = Base.lproj/Main.storyboard; sourceTree = "<group>"; };
		EB40D93B1A9B23A20043722C /* Info.plist */ = {isa = PBXFileReference; lastKnownFileType = text.plist.xml; path = Info.plist; sourceTree = "<group>"; };
		EB40D93C1A9B23A20043722C /* sampleTests.m */ = {isa = PBXFileReference; lastKnownFileType = sourcecode.c.objc; path = sampleTests.m; sourceTree = "<group>"; };
		EB463CAC1ACA03FE002AF5B2 /* ExampleMediaPlayer.h */ = {isa = PBXFileReference; fileEncoding = 4; lastKnownFileType = sourcecode.c.h; path = ExampleMediaPlayer.h; sourceTree = "<group>"; };
		EB463CB01ACAD87D002AF5B2 /* RamStore.cpp */ = {isa = PBXFileReference; fileEncoding = 4; lastKnownFileType = sourcecode.cpp.cpp; path = RamStore.cpp; sourceTree = "<group>"; };
		EB463CB11ACAD87D002AF5B2 /* RamStore.h */ = {isa = PBXFileReference; fileEncoding = 4; lastKnownFileType = sourcecode.c.h; path = RamStore.h; sourceTree = "<group>"; };
		EB463CB31ACAE083002AF5B2 /* DriverOsx.cpp */ = {isa = PBXFileReference; fileEncoding = 4; lastKnownFileType = sourcecode.cpp.cpp; path = DriverOsx.cpp; sourceTree = "<group>"; };
		EB463CB41ACAE083002AF5B2 /* DriverOsx.h */ = {isa = PBXFileReference; fileEncoding = 4; lastKnownFileType = sourcecode.c.h; path = DriverOsx.h; sourceTree = "<group>"; };
		EB553D0A1B52D75300B0D17D /* SoftPlayer */ = {isa = PBXFileReference; lastKnownFileType = folder; name = SoftPlayer; path = sample/SoftPlayer; sourceTree = "<group>"; };
		EB650A211B31B64300205BAC /* libohNetDevices.a */ = {isa = PBXFileReference; lastKnownFileType = archive.ar; name = libohNetDevices.a; path = "../dependencies/Mac-x64/ohNet-Mac-x64-Debug/lib/libohNetDevices.a"; sourceTree = "<group>"; };
		EB650A221B31B64300205BAC /* libohNetProxies.a */ = {isa = PBXFileReference; lastKnownFileType = archive.ar; name = libohNetProxies.a; path = "../dependencies/Mac-x64/ohNet-Mac-x64-Debug/lib/libohNetProxies.a"; sourceTree = "<group>"; };
		EB650A231B31B64300205BAC /* ohNetTestsCore.a */ = {isa = PBXFileReference; lastKnownFileType = archive.ar; name = ohNetTestsCore.a; path = "../dependencies/Mac-x64/ohNet-Mac-x64-Debug/lib/ohNetTestsCore.a"; sourceTree = "<group>"; };
		EB650A241B31B64300205BAC /* libShell.a */ = {isa = PBXFileReference; lastKnownFileType = archive.ar; name = libShell.a; path = "../dependencies/Mac-x64/ohNet-Mac-x64-Debug/lib/libShell.a"; sourceTree = "<group>"; };
		EB650A251B31B64300205BAC /* libTestFramework.a */ = {isa = PBXFileReference; lastKnownFileType = archive.ar; name = libTestFramework.a; path = "../dependencies/Mac-x64/ohNet-Mac-x64-Debug/lib/libTestFramework.a"; sourceTree = "<group>"; };
		EB650A261B31B64300205BAC /* libohNet.dylib */ = {isa = PBXFileReference; lastKnownFileType = "compiled.mach-o.dylib"; name = libohNet.dylib; path = "../dependencies/Mac-x64/ohNet-Mac-x64-Debug/lib/libohNet.dylib"; sourceTree = "<group>"; };
		EB650A271B31B64300205BAC /* libohNetCore.a */ = {isa = PBXFileReference; lastKnownFileType = archive.ar; name = libohNetCore.a; path = "../dependencies/Mac-x64/ohNet-Mac-x64-Debug/lib/libohNetCore.a"; sourceTree = "<group>"; };
		EB650A2F1B31B65800205BAC /* libcrypto.a */ = {isa = PBXFileReference; lastKnownFileType = archive.ar; name = libcrypto.a; path = "../dependencies/Mac-x64/openssl/lib/libcrypto.a"; sourceTree = "<group>"; };
		EB650A301B31B65800205BAC /* libssl.a */ = {isa = PBXFileReference; lastKnownFileType = archive.ar; name = libssl.a; path = "../dependencies/Mac-x64/openssl/lib/libssl.a"; sourceTree = "<group>"; };
		EB650A331B31B66300205BAC /* libohNetmon.a */ = {isa = PBXFileReference; lastKnownFileType = archive.ar; name = libohNetmon.a; path = "../dependencies/Mac-x64/ohNetmon/lib/libohNetmon.a"; sourceTree = "<group>"; };
		EB650A351B31B68600205BAC /* libCodecAlac.a */ = {isa = PBXFileReference; lastKnownFileType = archive.ar; name = libCodecAlac.a; path = "../dependencies/Mac-x64/ohMediaPlayer/lib/libCodecAlac.a"; sourceTree = "<group>"; };
		EB650A361B31B68600205BAC /* libSourceRaop.a */ = {isa = PBXFileReference; lastKnownFileType = archive.ar; name = libSourceRaop.a; path = "../dependencies/Mac-x64/ohMediaPlayer/lib/libSourceRaop.a"; sourceTree = "<group>"; };
		EB650A371B31B68600205BAC /* libCodecAac.a */ = {isa = PBXFileReference; lastKnownFileType = archive.ar; name = libCodecAac.a; path = "../dependencies/Mac-x64/ohMediaPlayer/lib/libCodecAac.a"; sourceTree = "<group>"; };
		EB650A381B31B68600205BAC /* libCodecAacBase.a */ = {isa = PBXFileReference; lastKnownFileType = archive.ar; name = libCodecAacBase.a; path = "../dependencies/Mac-x64/ohMediaPlayer/lib/libCodecAacBase.a"; sourceTree = "<group>"; };
		EB650A391B31B68600205BAC /* libCodecAdts.a */ = {isa = PBXFileReference; lastKnownFileType = archive.ar; name = libCodecAdts.a; path = "../dependencies/Mac-x64/ohMediaPlayer/lib/libCodecAdts.a"; sourceTree = "<group>"; };
		EB650A3A1B31B68600205BAC /* libSourcePlaylist.a */ = {isa = PBXFileReference; lastKnownFileType = archive.ar; name = libSourcePlaylist.a; path = "../dependencies/Mac-x64/ohMediaPlayer/lib/libSourcePlaylist.a"; sourceTree = "<group>"; };
		EB650A3B1B31B68600205BAC /* libSourceSongcast.a */ = {isa = PBXFileReference; lastKnownFileType = archive.ar; name = libSourceSongcast.a; path = "../dependencies/Mac-x64/ohMediaPlayer/lib/libSourceSongcast.a"; sourceTree = "<group>"; };
		EB650A3C1B31B68600205BAC /* libSourceRadio.a */ = {isa = PBXFileReference; lastKnownFileType = archive.ar; name = libSourceRadio.a; path = "../dependencies/Mac-x64/ohMediaPlayer/lib/libSourceRadio.a"; sourceTree = "<group>"; };
		EB650A3D1B31B68600205BAC /* libSourceUpnpAv.a */ = {isa = PBXFileReference; lastKnownFileType = archive.ar; name = libSourceUpnpAv.a; path = "../dependencies/Mac-x64/ohMediaPlayer/lib/libSourceUpnpAv.a"; sourceTree = "<group>"; };
		EB650A3E1B31B68600205BAC /* libCodecAlacBase.a */ = {isa = PBXFileReference; lastKnownFileType = archive.ar; name = libCodecAlacBase.a; path = "../dependencies/Mac-x64/ohMediaPlayer/lib/libCodecAlacBase.a"; sourceTree = "<group>"; };
		EB650A3F1B31B68600205BAC /* libohMediaPlayer.a */ = {isa = PBXFileReference; lastKnownFileType = archive.ar; name = libohMediaPlayer.a; path = "../dependencies/Mac-x64/ohMediaPlayer/lib/libohMediaPlayer.a"; sourceTree = "<group>"; };
		EB650A401B31B68600205BAC /* libohPipeline.a */ = {isa = PBXFileReference; lastKnownFileType = archive.ar; name = libohPipeline.a; path = "../dependencies/Mac-x64/ohMediaPlayer/lib/libohPipeline.a"; sourceTree = "<group>"; };
		EB650A411B31B68600205BAC /* libCodecFlac.a */ = {isa = PBXFileReference; lastKnownFileType = archive.ar; name = libCodecFlac.a; path = "../dependencies/Mac-x64/ohMediaPlayer/lib/libCodecFlac.a"; sourceTree = "<group>"; };
		EB650A421B31B68600205BAC /* libCodecVorbis.a */ = {isa = PBXFileReference; lastKnownFileType = archive.ar; name = libCodecVorbis.a; path = "../dependencies/Mac-x64/ohMediaPlayer/lib/libCodecVorbis.a"; sourceTree = "<group>"; };
		EB650A431B31B68600205BAC /* libCodecAifc.a */ = {isa = PBXFileReference; lastKnownFileType = archive.ar; name = libCodecAifc.a; path = "../dependencies/Mac-x64/ohMediaPlayer/lib/libCodecAifc.a"; sourceTree = "<group>"; };
		EB650A441B31B68600205BAC /* libCodecAiff.a */ = {isa = PBXFileReference; lastKnownFileType = archive.ar; name = libCodecAiff.a; path = "../dependencies/Mac-x64/ohMediaPlayer/lib/libCodecAiff.a"; sourceTree = "<group>"; };
		EB650A451B31B68600205BAC /* libCodecAiffBase.a */ = {isa = PBXFileReference; lastKnownFileType = archive.ar; name = libCodecAiffBase.a; path = "../dependencies/Mac-x64/ohMediaPlayer/lib/libCodecAiffBase.a"; sourceTree = "<group>"; };
		EB650A461B31B68600205BAC /* libCodecPcm.a */ = {isa = PBXFileReference; lastKnownFileType = archive.ar; name = libCodecPcm.a; path = "../dependencies/Mac-x64/ohMediaPlayer/lib/libCodecPcm.a"; sourceTree = "<group>"; };
		EB650A471B31B68600205BAC /* libCodecWav.a */ = {isa = PBXFileReference; lastKnownFileType = archive.ar; name = libCodecWav.a; path = "../dependencies/Mac-x64/ohMediaPlayer/lib/libCodecWav.a"; sourceTree = "<group>"; };
		EB650A481B31B68600205BAC /* libConfigUi.a */ = {isa = PBXFileReference; lastKnownFileType = archive.ar; name = libConfigUi.a; path = "../dependencies/Mac-x64/ohMediaPlayer/lib/libConfigUi.a"; sourceTree = "<group>"; };
		EB650A491B31B68600205BAC /* liblibOgg.a */ = {isa = PBXFileReference; lastKnownFileType = archive.ar; name = liblibOgg.a; path = "../dependencies/Mac-x64/ohMediaPlayer/lib/liblibOgg.a"; sourceTree = "<group>"; };
		EB650A4A1B31B68600205BAC /* libWebAppFramework.a */ = {isa = PBXFileReference; lastKnownFileType = archive.ar; name = libWebAppFramework.a; path = "../dependencies/Mac-x64/ohMediaPlayer/lib/libWebAppFramework.a"; sourceTree = "<group>"; };
		EB650A631B32A24400205BAC /* libohNetGeneratedDevices.a */ = {isa = PBXFileReference; lastKnownFileType = archive.ar; name = libohNetGeneratedDevices.a; path = "../dependencies/Mac-x64/ohNetGenerated-Mac-x64-Release/lib/libohNetGeneratedDevices.a"; sourceTree = "<group>"; };
		EB650A641B32A24400205BAC /* libohNetGeneratedProxies.a */ = {isa = PBXFileReference; lastKnownFileType = archive.ar; name = libohNetGeneratedProxies.a; path = "../dependencies/Mac-x64/ohNetGenerated-Mac-x64-Release/lib/libohNetGeneratedProxies.a"; sourceTree = "<group>"; };
		EB698ADC1ADE517500B47100 /* OsxAudio.cpp */ = {isa = PBXFileReference; fileEncoding = 4; lastKnownFileType = sourcecode.cpp.cpp; path = OsxAudio.cpp; sourceTree = "<group>"; };
		EB698ADD1ADE517500B47100 /* OsxAudio.h */ = {isa = PBXFileReference; fileEncoding = 4; lastKnownFileType = sourcecode.c.h; path = OsxAudio.h; sourceTree = "<group>"; };
		EB796A511AD2A7A200684025 /* ExampleMediaPlayer.mm */ = {isa = PBXFileReference; fileEncoding = 4; lastKnownFileType = sourcecode.cpp.objcpp; path = ExampleMediaPlayer.mm; sourceTree = "<group>"; };
		EB796A591AD2B2C700684025 /* SystemConfiguration.framework */ = {isa = PBXFileReference; lastKnownFileType = wrapper.framework; name = SystemConfiguration.framework; path = System/Library/Frameworks/SystemConfiguration.framework; sourceTree = SDKROOT; };
		EB796A5B1AD2C14800684025 /* ConfigRamStore.cpp */ = {isa = PBXFileReference; fileEncoding = 4; lastKnownFileType = sourcecode.cpp.cpp; path = ConfigRamStore.cpp; sourceTree = "<group>"; };
		EB796A5C1AD2C14800684025 /* ConfigRamStore.h */ = {isa = PBXFileReference; fileEncoding = 4; lastKnownFileType = sourcecode.c.h; path = ConfigRamStore.h; sourceTree = "<group>"; };
		EB796A681AD5744F00684025 /* PcmHandler.h */ = {isa = PBXFileReference; fileEncoding = 4; lastKnownFileType = sourcecode.c.h; path = PcmHandler.h; sourceTree = "<group>"; };
		EB796A691AD5BA1C00684025 /* AudioToolbox.framework */ = {isa = PBXFileReference; lastKnownFileType = wrapper.framework; name = AudioToolbox.framework; path = System/Library/Frameworks/AudioToolbox.framework; sourceTree = SDKROOT; };
		EB8692A31B38695600C49C74 /* ConfigPersistentStore.mm */ = {isa = PBXFileReference; fileEncoding = 4; lastKnownFileType = sourcecode.cpp.objcpp; path = ConfigPersistentStore.mm; sourceTree = "<group>"; };
		EB8692A41B38695600C49C74 /* ConfigPersistentStore.h */ = {isa = PBXFileReference; fileEncoding = 4; lastKnownFileType = sourcecode.c.h; path = ConfigPersistentStore.h; sourceTree = "<group>"; };
		EB8692A61B38696100C49C74 /* UpdateCheck.cpp */ = {isa = PBXFileReference; fileEncoding = 4; lastKnownFileType = sourcecode.cpp.cpp; path = UpdateCheck.cpp; sourceTree = "<group>"; };
		EB8692A71B38696100C49C74 /* UpdateCheck.h */ = {isa = PBXFileReference; fileEncoding = 4; lastKnownFileType = sourcecode.c.h; path = UpdateCheck.h; sourceTree = "<group>"; };
		EB8692B21B3AEEAE00C49C74 /* Prefs.mm */ = {isa = PBXFileReference; fileEncoding = 4; lastKnownFileType = sourcecode.cpp.objcpp; path = Prefs.mm; sourceTree = "<group>"; };
		EB8692B41B3AEEBB00C49C74 /* Prefs.h */ = {isa = PBXFileReference; lastKnownFileType = sourcecode.c.h; path = Prefs.h; sourceTree = "<group>"; };
		EBA0E8EE1AC5D8AF00903A7F /* MediaPlayerIF.mm */ = {isa = PBXFileReference; fileEncoding = 4; lastKnownFileType = sourcecode.cpp.objcpp; path = MediaPlayerIF.mm; sourceTree = "<group>"; };
		EBA0E8F01AC5D99800903A7F /* MediaPlayerIF.h */ = {isa = PBXFileReference; fileEncoding = 4; lastKnownFileType = sourcecode.c.h; path = MediaPlayerIF.h; sourceTree = "<group>"; };
		EBCA55AD1B4112A600CE28B4 /* version.h */ = {isa = PBXFileReference; lastKnownFileType = sourcecode.c.h; path = version.h; sourceTree = "<group>"; };
		EBCA55AE1B44398B00CE28B4 /* ControlPointProxy.cpp */ = {isa = PBXFileReference; fileEncoding = 4; lastKnownFileType = sourcecode.cpp.cpp; path = ControlPointProxy.cpp; sourceTree = "<group>"; };
		EBCA55AF1B44398B00CE28B4 /* ControlPointProxy.h */ = {isa = PBXFileReference; fileEncoding = 4; lastKnownFileType = sourcecode.c.h; path = ControlPointProxy.h; sourceTree = "<group>"; };
		EBD2C6761B30101900B39E08 /* Volume.cpp */ = {isa = PBXFileReference; fileEncoding = 4; lastKnownFileType = sourcecode.cpp.cpp; path = Volume.cpp; sourceTree = "<group>"; };
		EBD2C6771B30101900B39E08 /* Volume.h */ = {isa = PBXFileReference; fileEncoding = 4; lastKnownFileType = sourcecode.c.h; path = Volume.h; sourceTree = "<group>"; };
/* End PBXFileReference section */

/* Begin PBXFrameworksBuildPhase section */
		EB40D91A1A9B23A20043722C /* Frameworks */ = {
			isa = PBXFrameworksBuildPhase;
			buildActionMask = 2147483647;
			files = (
				EB650A611B31B7BC00205BAC /* libTestFramework.a in Frameworks */,
				EB650A4B1B31B68600205BAC /* libCodecAlac.a in Frameworks */,
				EB650A4C1B31B68600205BAC /* libSourceRaop.a in Frameworks */,
				EB650A4D1B31B68600205BAC /* libCodecAac.a in Frameworks */,
				EB650A4E1B31B68600205BAC /* libCodecAacBase.a in Frameworks */,
				EB650A4F1B31B68600205BAC /* libCodecAdts.a in Frameworks */,
				EB650A501B31B68600205BAC /* libSourcePlaylist.a in Frameworks */,
				EB650A511B31B68600205BAC /* libSourceSongcast.a in Frameworks */,
				EB650A521B31B68600205BAC /* libSourceRadio.a in Frameworks */,
				EB650A531B31B68600205BAC /* libSourceUpnpAv.a in Frameworks */,
				EB650A541B31B68600205BAC /* libCodecAlacBase.a in Frameworks */,
				EB650A551B31B68600205BAC /* libohMediaPlayer.a in Frameworks */,
				EB650A561B31B68600205BAC /* libohPipeline.a in Frameworks */,
				EB650A571B31B68600205BAC /* libCodecFlac.a in Frameworks */,
				EB650A581B31B68600205BAC /* libCodecVorbis.a in Frameworks */,
				EB650A591B31B68600205BAC /* libCodecAifc.a in Frameworks */,
				EB650A5A1B31B68600205BAC /* libCodecAiff.a in Frameworks */,
				EB650A5B1B31B68600205BAC /* libCodecAiffBase.a in Frameworks */,
				EB650A5C1B31B68600205BAC /* libCodecPcm.a in Frameworks */,
				EB650A5D1B31B68600205BAC /* libCodecWav.a in Frameworks */,
				EB650A5E1B31B68600205BAC /* libConfigUi.a in Frameworks */,
				EB650A651B32A24400205BAC /* libohNetGeneratedDevices.a in Frameworks */,
				EB650A5F1B31B68600205BAC /* liblibOgg.a in Frameworks */,
				EB650A601B31B68600205BAC /* libWebAppFramework.a in Frameworks */,
				EB650A341B31B66300205BAC /* libohNetmon.a in Frameworks */,
				EB650A311B31B65800205BAC /* libcrypto.a in Frameworks */,
				EB650A321B31B65800205BAC /* libssl.a in Frameworks */,
				EB650A281B31B64300205BAC /* libohNetDevices.a in Frameworks */,
				EB650A291B31B64300205BAC /* libohNetProxies.a in Frameworks */,
				EB650A661B32A24400205BAC /* libohNetGeneratedProxies.a in Frameworks */,
				EB650A2A1B31B64300205BAC /* ohNetTestsCore.a in Frameworks */,
				EB650A2E1B31B64300205BAC /* libohNetCore.a in Frameworks */,
				EB796A6A1AD5BA1C00684025 /* AudioToolbox.framework in Frameworks */,
				EB796A5A1AD2B2C700684025 /* SystemConfiguration.framework in Frameworks */,
			);
			runOnlyForDeploymentPostprocessing = 0;
		};
/* End PBXFrameworksBuildPhase section */

/* Begin PBXGroup section */
		EB40D9141A9B23A20043722C = {
			isa = PBXGroup;
			children = (
				EB553D0A1B52D75300B0D17D /* SoftPlayer */,
				EB650A621B32A09500205BAC /* ohNetLibs */,
				EB796A691AD5BA1C00684025 /* AudioToolbox.framework */,
				EB796A591AD2B2C700684025 /* SystemConfiguration.framework */,
				EB40D91F1A9B23A20043722C /* sample */,
				EB40D9391A9B23A20043722C /* sampleTests */,
				EB40D91E1A9B23A20043722C /* Products */,
			);
			sourceTree = "<group>";
		};
		EB40D91E1A9B23A20043722C /* Products */ = {
			isa = PBXGroup;
			children = (
				EB40D91D1A9B23A20043722C /* OSX.app */,
			);
			name = Products;
			sourceTree = "<group>";
		};
		EB40D91F1A9B23A20043722C /* sample */ = {
			isa = PBXGroup;
			children = (
				EBCA55AE1B44398B00CE28B4 /* ControlPointProxy.cpp */,
				EBCA55AF1B44398B00CE28B4 /* ControlPointProxy.h */,
				EB8692A61B38696100C49C74 /* UpdateCheck.cpp */,
				EB8692A71B38696100C49C74 /* UpdateCheck.h */,
				EB8692A31B38695600C49C74 /* ConfigPersistentStore.mm */,
				EB8692A41B38695600C49C74 /* ConfigPersistentStore.h */,
				EBD2C6761B30101900B39E08 /* Volume.cpp */,
				EBD2C6771B30101900B39E08 /* Volume.h */,
				EB698ADC1ADE517500B47100 /* OsxAudio.cpp */,
				EB698ADD1ADE517500B47100 /* OsxAudio.h */,
				EB3670571ADEA86B00AC684B /* PcmHandler.cpp */,
				EB796A5B1AD2C14800684025 /* ConfigRamStore.cpp */,
				EB796A5C1AD2C14800684025 /* ConfigRamStore.h */,
				EB796A511AD2A7A200684025 /* ExampleMediaPlayer.mm */,
				EB463CB31ACAE083002AF5B2 /* DriverOsx.cpp */,
				EB463CB41ACAE083002AF5B2 /* DriverOsx.h */,
				EB796A681AD5744F00684025 /* PcmHandler.h */,
				EB463CB01ACAD87D002AF5B2 /* RamStore.cpp */,
				EB463CB11ACAD87D002AF5B2 /* RamStore.h */,
				EB40D9221A9B23A20043722C /* AppDelegate.h */,
				EBA0E8F01AC5D99800903A7F /* MediaPlayerIF.h */,
				EB463CAC1ACA03FE002AF5B2 /* ExampleMediaPlayer.h */,
				EB40D9231A9B23A20043722C /* AppDelegate.mm */,
				EBA0E8EE1AC5D8AF00903A7F /* MediaPlayerIF.mm */,
				EB40D92D1A9B23A20043722C /* Images.xcassets */,
				EB40D92F1A9B23A20043722C /* Main.storyboard */,
				EB40D92A1A9B23A20043722C /* sample.xcdatamodeld */,
				EB40D9201A9B23A20043722C /* Supporting Files */,
				EB8692B21B3AEEAE00C49C74 /* Prefs.mm */,
				EB8692B41B3AEEBB00C49C74 /* Prefs.h */,
				EBCA55AD1B4112A600CE28B4 /* version.h */,
			);
			path = sample;
			sourceTree = "<group>";
		};
		EB40D9201A9B23A20043722C /* Supporting Files */ = {
			isa = PBXGroup;
			children = (
				EB40D9211A9B23A20043722C /* Info.plist */,
				EB40D9251A9B23A20043722C /* main.m */,
			);
			name = "Supporting Files";
			sourceTree = "<group>";
		};
		EB40D9391A9B23A20043722C /* sampleTests */ = {
			isa = PBXGroup;
			children = (
				EB40D93C1A9B23A20043722C /* sampleTests.m */,
				EB40D93A1A9B23A20043722C /* Supporting Files */,
			);
			path = sampleTests;
			sourceTree = "<group>";
		};
		EB40D93A1A9B23A20043722C /* Supporting Files */ = {
			isa = PBXGroup;
			children = (
				EB40D93B1A9B23A20043722C /* Info.plist */,
			);
			name = "Supporting Files";
			sourceTree = "<group>";
		};
		EB650A621B32A09500205BAC /* ohNetLibs */ = {
			isa = PBXGroup;
			children = (
				EB650A631B32A24400205BAC /* libohNetGeneratedDevices.a */,
				EB650A641B32A24400205BAC /* libohNetGeneratedProxies.a */,
				EB650A351B31B68600205BAC /* libCodecAlac.a */,
				EB650A361B31B68600205BAC /* libSourceRaop.a */,
				EB650A371B31B68600205BAC /* libCodecAac.a */,
				EB650A381B31B68600205BAC /* libCodecAacBase.a */,
				EB650A391B31B68600205BAC /* libCodecAdts.a */,
				EB650A3A1B31B68600205BAC /* libSourcePlaylist.a */,
				EB650A3B1B31B68600205BAC /* libSourceSongcast.a */,
				EB650A3C1B31B68600205BAC /* libSourceRadio.a */,
				EB650A3D1B31B68600205BAC /* libSourceUpnpAv.a */,
				EB650A3E1B31B68600205BAC /* libCodecAlacBase.a */,
				EB650A3F1B31B68600205BAC /* libohMediaPlayer.a */,
				EB650A401B31B68600205BAC /* libohPipeline.a */,
				EB650A411B31B68600205BAC /* libCodecFlac.a */,
				EB650A421B31B68600205BAC /* libCodecVorbis.a */,
				EB650A431B31B68600205BAC /* libCodecAifc.a */,
				EB650A441B31B68600205BAC /* libCodecAiff.a */,
				EB650A451B31B68600205BAC /* libCodecAiffBase.a */,
				EB650A461B31B68600205BAC /* libCodecPcm.a */,
				EB650A471B31B68600205BAC /* libCodecWav.a */,
				EB650A481B31B68600205BAC /* libConfigUi.a */,
				EB650A491B31B68600205BAC /* liblibOgg.a */,
				EB650A4A1B31B68600205BAC /* libWebAppFramework.a */,
				EB650A331B31B66300205BAC /* libohNetmon.a */,
				EB650A2F1B31B65800205BAC /* libcrypto.a */,
				EB650A301B31B65800205BAC /* libssl.a */,
				EB650A211B31B64300205BAC /* libohNetDevices.a */,
				EB650A221B31B64300205BAC /* libohNetProxies.a */,
				EB650A231B31B64300205BAC /* ohNetTestsCore.a */,
				EB650A241B31B64300205BAC /* libShell.a */,
				EB650A251B31B64300205BAC /* libTestFramework.a */,
				EB650A261B31B64300205BAC /* libohNet.dylib */,
				EB650A271B31B64300205BAC /* libohNetCore.a */,
			);
			name = ohNetLibs;
			sourceTree = "<group>";
		};
/* End PBXGroup section */

/* Begin PBXNativeTarget section */
		EB40D91C1A9B23A20043722C /* mediaplayer */ = {
			isa = PBXNativeTarget;
			buildConfigurationList = EB40D9401A9B23A20043722C /* Build configuration list for PBXNativeTarget "mediaplayer" */;
			buildPhases = (
				EB40D9191A9B23A20043722C /* Sources */,
				EB40D91A1A9B23A20043722C /* Frameworks */,
				EB40D91B1A9B23A20043722C /* Resources */,
			);
			buildRules = (
			);
			dependencies = (
			);
			name = mediaplayer;
			productName = sample;
			productReference = EB40D91D1A9B23A20043722C /* OSX.app */;
			productType = "com.apple.product-type.application";
		};
/* End PBXNativeTarget section */

/* Begin PBXProject section */
		EB40D9151A9B23A20043722C /* Project object */ = {
			isa = PBXProject;
			attributes = {
				LastUpgradeCheck = 0640;
				ORGANIZATIONNAME = "Linn Products Limited";
				TargetAttributes = {
					EB40D91C1A9B23A20043722C = {
						CreatedOnToolsVersion = 6.1.1;
					};
				};
			};
			buildConfigurationList = EB40D9181A9B23A20043722C /* Build configuration list for PBXProject "sample" */;
			compatibilityVersion = "Xcode 3.2";
			developmentRegion = English;
			hasScannedForEncodings = 0;
			knownRegions = (
				en,
				Base,
			);
			mainGroup = EB40D9141A9B23A20043722C;
			productRefGroup = EB40D91E1A9B23A20043722C /* Products */;
			projectDirPath = "";
			projectRoot = "";
			targets = (
				EB40D91C1A9B23A20043722C /* mediaplayer */,
			);
		};
/* End PBXProject section */

/* Begin PBXResourcesBuildPhase section */
		EB40D91B1A9B23A20043722C /* Resources */ = {
			isa = PBXResourcesBuildPhase;
			buildActionMask = 2147483647;
			files = (
				EB553D0B1B52D75300B0D17D /* SoftPlayer in Resources */,
				EB40D92E1A9B23A20043722C /* Images.xcassets in Resources */,
				EB40D9311A9B23A20043722C /* Main.storyboard in Resources */,
			);
			runOnlyForDeploymentPostprocessing = 0;
		};
/* End PBXResourcesBuildPhase section */

/* Begin PBXSourcesBuildPhase section */
		EB40D9191A9B23A20043722C /* Sources */ = {
			isa = PBXSourcesBuildPhase;
			buildActionMask = 2147483647;
			files = (
				EB463CB51ACAE083002AF5B2 /* DriverOsx.cpp in Sources */,
				EB463CB21ACAD87D002AF5B2 /* RamStore.cpp in Sources */,
				EBD2C6781B30101900B39E08 /* Volume.cpp in Sources */,
				EB8692A81B38696100C49C74 /* UpdateCheck.cpp in Sources */,
				EB3670581ADEA86B00AC684B /* PcmHandler.cpp in Sources */,
				EB8692A51B38695600C49C74 /* ConfigPersistentStore.mm in Sources */,
				EB796A521AD2A7A200684025 /* ExampleMediaPlayer.mm in Sources */,
				EB40D92C1A9B23A20043722C /* sample.xcdatamodeld in Sources */,
				EB8692B31B3AEEAE00C49C74 /* Prefs.mm in Sources */,
				EB698ADE1ADE517500B47100 /* OsxAudio.cpp in Sources */,
				EB40D9261A9B23A20043722C /* main.m in Sources */,
				EBCA55B01B44398B00CE28B4 /* ControlPointProxy.cpp in Sources */,
				EB40D9241A9B23A20043722C /* AppDelegate.mm in Sources */,
				EB796A5D1AD2C14800684025 /* ConfigRamStore.cpp in Sources */,
				EBA0E8EF1AC5D8AF00903A7F /* MediaPlayerIF.mm in Sources */,
			);
			runOnlyForDeploymentPostprocessing = 0;
		};
/* End PBXSourcesBuildPhase section */

/* Begin PBXVariantGroup section */
		EB40D92F1A9B23A20043722C /* Main.storyboard */ = {
			isa = PBXVariantGroup;
			children = (
				EB40D9301A9B23A20043722C /* Base */,
			);
			name = Main.storyboard;
			sourceTree = "<group>";
		};
/* End PBXVariantGroup section */

/* Begin XCBuildConfiguration section */
		EB40D93E1A9B23A20043722C /* Debug */ = {
			isa = XCBuildConfiguration;
			buildSettings = {
				ALWAYS_SEARCH_USER_PATHS = NO;
				CLANG_CXX_LANGUAGE_STANDARD = "gnu++0x";
				CLANG_CXX_LIBRARY = "libc++";
				CLANG_ENABLE_MODULES = YES;
				CLANG_ENABLE_OBJC_ARC = YES;
				CLANG_WARN_BOOL_CONVERSION = YES;
				CLANG_WARN_CONSTANT_CONVERSION = YES;
				CLANG_WARN_DIRECT_OBJC_ISA_USAGE = YES_ERROR;
				CLANG_WARN_EMPTY_BODY = YES;
				CLANG_WARN_ENUM_CONVERSION = YES;
				CLANG_WARN_INT_CONVERSION = YES;
				CLANG_WARN_OBJC_ROOT_CLASS = YES_ERROR;
				CLANG_WARN_UNREACHABLE_CODE = YES;
				CLANG_WARN__DUPLICATE_METHOD_MATCH = YES;
				CODE_SIGN_IDENTITY = "-";
				COPY_PHASE_STRIP = NO;
				ENABLE_STRICT_OBJC_MSGSEND = YES;
				GCC_C_LANGUAGE_STANDARD = gnu99;
				GCC_DYNAMIC_NO_PIC = NO;
				GCC_OPTIMIZATION_LEVEL = 0;
				GCC_PREPROCESSOR_DEFINITIONS = (
					"DEBUG=1",
					"$(inherited)",
				);
				GCC_SYMBOLS_PRIVATE_EXTERN = NO;
				GCC_WARN_64_TO_32_BIT_CONVERSION = YES;
				GCC_WARN_ABOUT_RETURN_TYPE = YES_ERROR;
				GCC_WARN_UNDECLARED_SELECTOR = YES;
				GCC_WARN_UNINITIALIZED_AUTOS = YES_AGGRESSIVE;
				GCC_WARN_UNUSED_FUNCTION = YES;
				GCC_WARN_UNUSED_VARIABLE = YES;
				HEADER_SEARCH_PATHS = (
					"$(inherited)",
					/Applications/Xcode.app/Contents/Developer/Toolchains/XcodeDefault.xctoolchain/usr/include,
				);
				LIBRARY_SEARCH_PATHS = "";
				MACOSX_DEPLOYMENT_TARGET = 10.10;
				MTL_ENABLE_DEBUG_INFO = YES;
				ONLY_ACTIVE_ARCH = YES;
				SDKROOT = macosx;
			};
			name = Debug;
		};
		EB40D93F1A9B23A20043722C /* Release */ = {
			isa = XCBuildConfiguration;
			buildSettings = {
				ALWAYS_SEARCH_USER_PATHS = NO;
				CLANG_CXX_LANGUAGE_STANDARD = "gnu++0x";
				CLANG_CXX_LIBRARY = "libc++";
				CLANG_ENABLE_MODULES = YES;
				CLANG_ENABLE_OBJC_ARC = YES;
				CLANG_WARN_BOOL_CONVERSION = YES;
				CLANG_WARN_CONSTANT_CONVERSION = YES;
				CLANG_WARN_DIRECT_OBJC_ISA_USAGE = YES_ERROR;
				CLANG_WARN_EMPTY_BODY = YES;
				CLANG_WARN_ENUM_CONVERSION = YES;
				CLANG_WARN_INT_CONVERSION = YES;
				CLANG_WARN_OBJC_ROOT_CLASS = YES_ERROR;
				CLANG_WARN_UNREACHABLE_CODE = YES;
				CLANG_WARN__DUPLICATE_METHOD_MATCH = YES;
				CODE_SIGN_IDENTITY = "-";
				COPY_PHASE_STRIP = YES;
				DEBUG_INFORMATION_FORMAT = "dwarf-with-dsym";
				ENABLE_NS_ASSERTIONS = NO;
				ENABLE_STRICT_OBJC_MSGSEND = YES;
				GCC_C_LANGUAGE_STANDARD = gnu99;
				GCC_WARN_64_TO_32_BIT_CONVERSION = YES;
				GCC_WARN_ABOUT_RETURN_TYPE = YES_ERROR;
				GCC_WARN_UNDECLARED_SELECTOR = YES;
				GCC_WARN_UNINITIALIZED_AUTOS = YES_AGGRESSIVE;
				GCC_WARN_UNUSED_FUNCTION = YES;
				GCC_WARN_UNUSED_VARIABLE = YES;
				HEADER_SEARCH_PATHS = (
					"$(inherited)",
					/Applications/Xcode.app/Contents/Developer/Toolchains/XcodeDefault.xctoolchain/usr/include,
				);
				LIBRARY_SEARCH_PATHS = "";
				MACOSX_DEPLOYMENT_TARGET = 10.10;
				MTL_ENABLE_DEBUG_INFO = NO;
				SDKROOT = macosx;
			};
			name = Release;
		};
		EB40D9411A9B23A20043722C /* Debug */ = {
			isa = XCBuildConfiguration;
			buildSettings = {
				ASSETCATALOG_COMPILER_APPICON_NAME = AppIcon;
				COMBINE_HIDPI_IMAGES = YES;
				HEADERMAP_INCLUDES_FLAT_ENTRIES_FOR_TARGET_BEING_BUILT = NO;
				HEADER_SEARCH_PATHS = (
					"$(inherited)",
					/Applications/Xcode.app/Contents/Developer/Toolchains/XcodeDefault.xctoolchain/usr/include,
					"$(PROJECT_DIR)/../dependencies/Mac-x64/ohMediaPlayer/include",
					"$(PROJECT_DIR)/../dependencies/Mac-x64/ohNet-Mac-x64-Debug/include/ohnet",
					"$(PROJECT_DIR)/../dependencies/Mac-x64/ohnetmon/include",
					"$(PROJECT_DIR)/../dependencies/Mac-x64/openssl/include",
					"$(PROJECT_DIR)/../dependencies/Mac-x64/ohNet-Mac-x64-Debug/include/ohnet/OpenHome/Net/Core",
					"$(PROJECT_DIR)/../dependencies/Mac-x64/ohNetGenerated-Mac-x64-Release/include/ohnet",
				);
				INFOPLIST_FILE = sample/Info.plist;
				LD_RUNPATH_SEARCH_PATHS = "$(inherited) @executable_path/../Frameworks";
				LIBRARY_SEARCH_PATHS = (
					"$(inherited)",
					"$(PROJECT_DIR)/../dependencies/Mac-x64/ohMediaPlayer/lib",
					"$(PROJECT_DIR)/../dependencies/Mac-x64/ohNet-Mac-x64-Debug/lib",
					"$(PROJECT_DIR)/../dependencies/Mac-x64/ohnetmon/lib",
					"$(PROJECT_DIR)/../dependencies/Mac-x64/openssl/lib",
					"$(PROJECT_DIR)/../dependencies/Mac-x64/ohNetGenerated-Mac-x64-Release/lib",
				);
				PRODUCT_NAME = "$(TARGET_NAME)";
			};
			name = Debug;
		};
		EB40D9421A9B23A20043722C /* Release */ = {
			isa = XCBuildConfiguration;
			buildSettings = {
				ASSETCATALOG_COMPILER_APPICON_NAME = AppIcon;
				COMBINE_HIDPI_IMAGES = YES;
				HEADERMAP_INCLUDES_FLAT_ENTRIES_FOR_TARGET_BEING_BUILT = NO;
				HEADER_SEARCH_PATHS = (
					"$(inherited)",
					/Applications/Xcode.app/Contents/Developer/Toolchains/XcodeDefault.xctoolchain/usr/include,
					"$(PROJECT_DIR)/../dependencies/Mac-x64/ohMediaPlayer/include",
					"$(PROJECT_DIR)/../dependencies/Mac-x64/ohNet-Mac-x64-Release/include/ohnet",
					"$(PROJECT_DIR)/../dependencies/Mac-x64/ohnetmon/include",
					"$(PROJECT_DIR)/../dependencies/Mac-x64/openssl/include",
					"$(PROJECT_DIR)/../dependencies/Mac-x64/ohNet-Mac-x64-Release/include/ohnet/OpenHome/Net/Core",
					"$(PROJECT_DIR)/../dependencies/Mac-x64/ohNetGenerated-Mac-x64-Release/include/ohnet",
				);
				INFOPLIST_FILE = sample/Info.plist;
				LD_RUNPATH_SEARCH_PATHS = "$(inherited) @executable_path/../Frameworks";
				LIBRARY_SEARCH_PATHS = (
					"$(inherited)",
					"$(PROJECT_DIR)/../dependencies/Mac-x64/ohMediaPlayer/lib",
					"$(PROJECT_DIR)/../dependencies/Mac-x64/ohNet-Mac-x64-Release/lib",
					"$(PROJECT_DIR)/../dependencies/Mac-x64/ohnetmon/lib",
					"$(PROJECT_DIR)/../dependencies/Mac-x64/openssl/lib",
					"$(PROJECT_DIR)/../dependencies/Mac-x64/ohNetGenerated-Mac-x64-Release/lib",
				);
				PRODUCT_NAME = "$(TARGET_NAME)";
			};
			name = Release;
		};
/* End XCBuildConfiguration section */

/* Begin XCConfigurationList section */
		EB40D9181A9B23A20043722C /* Build configuration list for PBXProject "sample" */ = {
			isa = XCConfigurationList;
			buildConfigurations = (
				EB40D93E1A9B23A20043722C /* Debug */,
				EB40D93F1A9B23A20043722C /* Release */,
			);
			defaultConfigurationIsVisible = 0;
			defaultConfigurationName = Release;
		};
		EB40D9401A9B23A20043722C /* Build configuration list for PBXNativeTarget "mediaplayer" */ = {
			isa = XCConfigurationList;
			buildConfigurations = (
				EB40D9411A9B23A20043722C /* Debug */,
				EB40D9421A9B23A20043722C /* Release */,
			);
			defaultConfigurationIsVisible = 0;
			defaultConfigurationName = Release;
		};
/* End XCConfigurationList section */

/* Begin XCVersionGroup section */
		EB40D92A1A9B23A20043722C /* sample.xcdatamodeld */ = {
			isa = XCVersionGroup;
			children = (
				EB40D92B1A9B23A20043722C /* sample.xcdatamodel */,
			);
			currentVersion = EB40D92B1A9B23A20043722C /* sample.xcdatamodel */;
			path = sample.xcdatamodeld;
			sourceTree = "<group>";
			versionGroupType = wrapper.xcdatamodel;
		};
/* End XCVersionGroup section */
	};
	rootObject = EB40D9151A9B23A20043722C /* Project object */;
}
